// !$*UTF8*$!
{
	archiveVersion = 1;
	classes = {
	};
	objectVersion = 46;
	objects = {

/* Begin PBXBuildFile section */
		7FAB24D207C69E0B81926A2F /* libPods-BlindWizardApp.a in Frameworks */ = {isa = PBXBuildFile; fileRef = 8F66DF0723764B2C29A3CB58 /* libPods-BlindWizardApp.a */; };
		C30A9CC81B449BAD00EBBD94 /* RandomGeneratorSpec.m in Sources */ = {isa = PBXBuildFile; fileRef = C30A9CC71B449BAD00EBBD94 /* RandomGeneratorSpec.m */; };
		C31AACA61B72D71C00299373 /* CreateEnemyOutlinesGameActionSpec.m in Sources */ = {isa = PBXBuildFile; fileRef = C31AACA51B72D71C00299373 /* CreateEnemyOutlinesGameActionSpec.m */; };
		C31AACA91B72D74200299373 /* CreateEnemyOutlinesGameAction.m in Sources */ = {isa = PBXBuildFile; fileRef = C31AACA81B72D74200299373 /* CreateEnemyOutlinesGameAction.m */; };
		C31AACAF1B730FA300299373 /* EnemyOutlineViewModel.m in Sources */ = {isa = PBXBuildFile; fileRef = C31AACAE1B730FA300299373 /* EnemyOutlineViewModel.m */; };
		C31AACB21B73169A00299373 /* EnemyOutlineView.m in Sources */ = {isa = PBXBuildFile; fileRef = C31AACB11B73169A00299373 /* EnemyOutlineView.m */; };
		C32C54001B50323F004CE82E /* SlideLeftSegue.m in Sources */ = {isa = PBXBuildFile; fileRef = C32C53FF1B50323F004CE82E /* SlideLeftSegue.m */; };
		C32C54031B5055EA004CE82E /* SlideRightUnwindSegue.m in Sources */ = {isa = PBXBuildFile; fileRef = C32C54021B5055EA004CE82E /* SlideRightUnwindSegue.m */; };
		C32C54061B505907004CE82E /* SlideUpSegue.m in Sources */ = {isa = PBXBuildFile; fileRef = C32C54051B505907004CE82E /* SlideUpSegue.m */; };
		C32C54091B505977004CE82E /* SlideDownUnwindSegue.m in Sources */ = {isa = PBXBuildFile; fileRef = C32C54081B505977004CE82E /* SlideDownUnwindSegue.m */; };
		C32C540C1B508744004CE82E /* CheckDangerousGameAction.m in Sources */ = {isa = PBXBuildFile; fileRef = C32C540B1B508744004CE82E /* CheckDangerousGameAction.m */; };
		C32C540E1B50874F004CE82E /* CheckDangerousGameActionSpec.m in Sources */ = {isa = PBXBuildFile; fileRef = C32C540D1B50874F004CE82E /* CheckDangerousGameActionSpec.m */; };
		C345FF771B4F7018004C249F /* ScoreCalculatorSpec.m in Sources */ = {isa = PBXBuildFile; fileRef = C345FF761B4F7018004C249F /* ScoreCalculatorSpec.m */; };
		C345FF7A1B4F79B2004C249F /* ScoreCalculator.m in Sources */ = {isa = PBXBuildFile; fileRef = C345FF791B4F79B2004C249F /* ScoreCalculator.m */; };
		C345FF7D1B4F95BA004C249F /* LoadInitialEnemiesGameAction.m in Sources */ = {isa = PBXBuildFile; fileRef = C345FF7C1B4F95BA004C249F /* LoadInitialEnemiesGameAction.m */; };
		C345FF821B4F967E004C249F /* LoadInitialEnemiesGameActionSpec.m in Sources */ = {isa = PBXBuildFile; fileRef = C345FF811B4F967E004C249F /* LoadInitialEnemiesGameActionSpec.m */; };
		C345FF861B4FAF75004C249F /* TopScores.m in Sources */ = {isa = PBXBuildFile; fileRef = C345FF851B4FAF75004C249F /* TopScores.m */; };
		C345FF881B4FAF82004C249F /* TopScoresSpec.m in Sources */ = {isa = PBXBuildFile; fileRef = C345FF871B4FAF82004C249F /* TopScoresSpec.m */; };
		C345FF8B1B4FB956004C249F /* ModelAssembly.m in Sources */ = {isa = PBXBuildFile; fileRef = C345FF8A1B4FB956004C249F /* ModelAssembly.m */; };
		C345FF8D1B4FBA77004C249F /* LeaderboardViewControllerSpec.m in Sources */ = {isa = PBXBuildFile; fileRef = C345FF8C1B4FBA77004C249F /* LeaderboardViewControllerSpec.m */; };
		C345FF8F1B4FBC9A004C249F /* LeaderboardViewModel.m in Sources */ = {isa = PBXBuildFile; fileRef = C345FF8E1B4FBC9A004C249F /* LeaderboardViewModel.m */; };
		C345FF921B4FBD5F004C249F /* LeaderboardViewModel.m in Sources */ = {isa = PBXBuildFile; fileRef = C345FF911B4FBD5F004C249F /* LeaderboardViewModel.m */; };
		C34EFC001B4267980079B6DC /* GameObjectFactorySpec.m in Sources */ = {isa = PBXBuildFile; fileRef = C34EFBFF1B4267980079B6DC /* GameObjectFactorySpec.m */; };
		C34EFC021B426EF20079B6DC /* GridStorageSpec.m in Sources */ = {isa = PBXBuildFile; fileRef = C34EFC011B426EF20079B6DC /* GridStorageSpec.m */; };
		C34EFC071B427B350079B6DC /* GridStorageKeyGeneratorSpec.m in Sources */ = {isa = PBXBuildFile; fileRef = C34EFC061B427B350079B6DC /* GridStorageKeyGeneratorSpec.m */; };
		C34F7F621B3C991200D07881 /* Game.m in Sources */ = {isa = PBXBuildFile; fileRef = C34F7F611B3C991200D07881 /* Game.m */; };
		C34F7F641B3CA29E00D07881 /* GameSpec.m in Sources */ = {isa = PBXBuildFile; fileRef = C34F7F631B3CA29E00D07881 /* GameSpec.m */; };
		C34F7F671B3CD28A00D07881 /* BoardViewModel.m in Sources */ = {isa = PBXBuildFile; fileRef = C34F7F661B3CD28A00D07881 /* BoardViewModel.m */; };
		C35031F71B4B4DA700A12F8E /* ViewControllerAssembly.m in Sources */ = {isa = PBXBuildFile; fileRef = C35031F61B4B4DA700A12F8E /* ViewControllerAssembly.m */; };
		C35031FA1B4B4EF600A12F8E /* GameAssembly.m in Sources */ = {isa = PBXBuildFile; fileRef = C35031F91B4B4EF600A12F8E /* GameAssembly.m */; };
		C35031FE1B4B500100A12F8E /* GeneralAssembly.m in Sources */ = {isa = PBXBuildFile; fileRef = C35031FD1B4B500100A12F8E /* GeneralAssembly.m */; };
		C35032021B4B5E3A00A12F8E /* GameObjectAssembly.m in Sources */ = {isa = PBXBuildFile; fileRef = C35032011B4B5E3A00A12F8E /* GameObjectAssembly.m */; };
		C350320B1B4BB1BD00A12F8E /* NSObject+MTKTest.m in Sources */ = {isa = PBXBuildFile; fileRef = C35032081B4BB1BD00A12F8E /* NSObject+MTKTest.m */; };
		C350320C1B4BB1BD00A12F8E /* UIViewController+TestSegue.m in Sources */ = {isa = PBXBuildFile; fileRef = C350320A1B4BB1BD00A12F8E /* UIViewController+TestSegue.m */; };
		C35C2E751B484E1C00FF7944 /* ShiftEnemiesLeftGameActionSpec.m in Sources */ = {isa = PBXBuildFile; fileRef = C35C2E741B484E1C00FF7944 /* ShiftEnemiesLeftGameActionSpec.m */; };
		C35C2E781B4857AA00FF7944 /* DropEnemiesDownGameAction.m in Sources */ = {isa = PBXBuildFile; fileRef = C35C2E771B4857AA00FF7944 /* DropEnemiesDownGameAction.m */; };
		C35C2E7A1B48625500FF7944 /* ShiftEnemiesRightGameActionSpec.m in Sources */ = {isa = PBXBuildFile; fileRef = C35C2E791B48625500FF7944 /* ShiftEnemiesRightGameActionSpec.m */; };
		C35C2E7C1B4863ED00FF7944 /* DropEnemiesDownGameActionSpec.m in Sources */ = {isa = PBXBuildFile; fileRef = C35C2E7B1B4863ED00FF7944 /* DropEnemiesDownGameActionSpec.m */; };
		C35C2E7E1B488E0C00FF7944 /* DestroyEnemyGroupsGameActionSpec.m in Sources */ = {isa = PBXBuildFile; fileRef = C35C2E7D1B488E0C00FF7944 /* DestroyEnemyGroupsGameActionSpec.m */; };
		C35C2E811B488EDD00FF7944 /* DestroyEnemyGroupsGameAction.m in Sources */ = {isa = PBXBuildFile; fileRef = C35C2E801B488EDD00FF7944 /* DestroyEnemyGroupsGameAction.m */; };
		C35C2E831B4891B400FF7944 /* GameBoardSpec.m in Sources */ = {isa = PBXBuildFile; fileRef = C35C2E821B4891B400FF7944 /* GameBoardSpec.m */; };
		C35C2E861B48B02600FF7944 /* CheckLoseGameAction.m in Sources */ = {isa = PBXBuildFile; fileRef = C35C2E851B48B02600FF7944 /* CheckLoseGameAction.m */; };
		C35C2E881B48B27500FF7944 /* CheckLoseGameActionSpec.m in Sources */ = {isa = PBXBuildFile; fileRef = C35C2E871B48B27500FF7944 /* CheckLoseGameActionSpec.m */; };
		C35C2E8A1B48BBE300FF7944 /* GameConfig.plist in Resources */ = {isa = PBXBuildFile; fileRef = C35C2E891B48BBE300FF7944 /* GameConfig.plist */; };
		C35C2E8C1B48E13C00FF7944 /* EnemyViewModelSpec.m in Sources */ = {isa = PBXBuildFile; fileRef = C35C2E8B1B48E13C00FF7944 /* EnemyViewModelSpec.m */; };
		C35C2E8E1B48EF1400FF7944 /* EnemyViewSpec.m in Sources */ = {isa = PBXBuildFile; fileRef = C35C2E8D1B48EF1400FF7944 /* EnemyViewSpec.m */; };
		C35C2E941B490D7600FF7944 /* GridCalculatorSpec.m in Sources */ = {isa = PBXBuildFile; fileRef = C35C2E931B490D7600FF7944 /* GridCalculatorSpec.m */; };
		C37B74951B3CF5FF00D22D5E /* BoardViewModelSpec.m in Sources */ = {isa = PBXBuildFile; fileRef = C37B74941B3CF5FF00D22D5E /* BoardViewModelSpec.m */; };
		C3A3B3291B3BCCBF00ADF11A /* PlayViewModelSpec.m in Sources */ = {isa = PBXBuildFile; fileRef = C3A3B3281B3BCCBF00ADF11A /* PlayViewModelSpec.m */; };
		C3A3B32D1B3BD07400ADF11A /* BoardViewController.m in Sources */ = {isa = PBXBuildFile; fileRef = C3A3B32C1B3BD07400ADF11A /* BoardViewController.m */; };
		C3A3B3301B3BD84700ADF11A /* PlayViewModel.m in Sources */ = {isa = PBXBuildFile; fileRef = C3A3B32F1B3BD84700ADF11A /* PlayViewModel.m */; };
		C3A9E7B11B38FC1F006D9C68 /* PlayViewController.m in Sources */ = {isa = PBXBuildFile; fileRef = C3A9E7B01B38FC1F006D9C68 /* PlayViewController.m */; };
		C3A9E7B51B38FC35006D9C68 /* TitleViewController.m in Sources */ = {isa = PBXBuildFile; fileRef = C3A9E7B41B38FC35006D9C68 /* TitleViewController.m */; };
		C3A9E7B91B38FDC4006D9C68 /* LeaderboardViewController.m in Sources */ = {isa = PBXBuildFile; fileRef = C3A9E7B81B38FDC4006D9C68 /* LeaderboardViewController.m */; };
		C3BEFDF81B3E1997002930BA /* GameObjectFactory.m in Sources */ = {isa = PBXBuildFile; fileRef = C3BEFDF71B3E1997002930BA /* GameObjectFactory.m */; };
		C3BEFDFF1B3E1E0A002930BA /* EnemyViewModel.m in Sources */ = {isa = PBXBuildFile; fileRef = C3BEFDFE1B3E1E0A002930BA /* EnemyViewModel.m */; };
		C3BEFE021B3E1E1A002930BA /* EnemyView.m in Sources */ = {isa = PBXBuildFile; fileRef = C3BEFE011B3E1E1A002930BA /* EnemyView.m */; };
		C3EA14031B4CE1900022CE9E /* WaveControllerSpec.m in Sources */ = {isa = PBXBuildFile; fileRef = C3EA14021B4CE1900022CE9E /* WaveControllerSpec.m */; };
		C3EA14061B4CE1F60022CE9E /* WaveController.m in Sources */ = {isa = PBXBuildFile; fileRef = C3EA14051B4CE1F60022CE9E /* WaveController.m */; };
		C3EA5B841B43A1C000376A5F /* GridCalculator.m in Sources */ = {isa = PBXBuildFile; fileRef = C3EA5B7F1B43A1C000376A5F /* GridCalculator.m */; };
		C3EA5B851B43A1C000376A5F /* GridStorage.m in Sources */ = {isa = PBXBuildFile; fileRef = C3EA5B811B43A1C000376A5F /* GridStorage.m */; };
		C3EA5B861B43A1C000376A5F /* GridStorageKeyGenerator.m in Sources */ = {isa = PBXBuildFile; fileRef = C3EA5B831B43A1C000376A5F /* GridStorageKeyGenerator.m */; };
		C3F6BDDB1B389B860088D924 /* main.m in Sources */ = {isa = PBXBuildFile; fileRef = C3F6BDDA1B389B860088D924 /* main.m */; };
		C3F6BDDE1B389B860088D924 /* AppDelegate.m in Sources */ = {isa = PBXBuildFile; fileRef = C3F6BDDD1B389B860088D924 /* AppDelegate.m */; };
		C3F6BDE41B389B860088D924 /* Main.storyboard in Resources */ = {isa = PBXBuildFile; fileRef = C3F6BDE21B389B860088D924 /* Main.storyboard */; };
		C3F6BDE61B389B860088D924 /* Images.xcassets in Resources */ = {isa = PBXBuildFile; fileRef = C3F6BDE51B389B860088D924 /* Images.xcassets */; };
		C3F6BDE91B389B860088D924 /* LaunchScreen.xib in Resources */ = {isa = PBXBuildFile; fileRef = C3F6BDE71B389B860088D924 /* LaunchScreen.xib */; };
		C3F6BE071B38F6620088D924 /* TitleViewControllerSpec.m in Sources */ = {isa = PBXBuildFile; fileRef = C3F6BE061B38F6620088D924 /* TitleViewControllerSpec.m */; };
		C3F72DA71B3A2C800040909A /* PlayViewControllerSpec.m in Sources */ = {isa = PBXBuildFile; fileRef = C3F72DA61B3A2C800040909A /* PlayViewControllerSpec.m */; };
		C3F72DA91B3A312B0040909A /* BoardViewControllerSpec.m in Sources */ = {isa = PBXBuildFile; fileRef = C3F72DA81B3A312B0040909A /* BoardViewControllerSpec.m */; };
		C3F8B7A61B476449006A2619 /* CallNextWaveGameAction.m in Sources */ = {isa = PBXBuildFile; fileRef = C3F8B7A51B476449006A2619 /* CallNextWaveGameAction.m */; };
		C3F8B7AA1B478723006A2619 /* GameBoard.m in Sources */ = {isa = PBXBuildFile; fileRef = C3F8B7A91B478723006A2619 /* GameBoard.m */; };
		C3F8B7AD1B47A351006A2619 /* ShiftEnemiesLeftGameAction.m in Sources */ = {isa = PBXBuildFile; fileRef = C3F8B7AC1B47A351006A2619 /* ShiftEnemiesLeftGameAction.m */; };
		C3F8B7B01B47A3E7006A2619 /* ShiftEnemiesRightGameAction.m in Sources */ = {isa = PBXBuildFile; fileRef = C3F8B7AF1B47A3E7006A2619 /* ShiftEnemiesRightGameAction.m */; };
		C3F8B81B1B47B7BE006A2619 /* Queue.m in Sources */ = {isa = PBXBuildFile; fileRef = C3F8B81A1B47B7BE006A2619 /* Queue.m */; };
		C3F8B81E1B47B7DA006A2619 /* RandomGenerator.m in Sources */ = {isa = PBXBuildFile; fileRef = C3F8B81D1B47B7DA006A2619 /* RandomGenerator.m */; };
		C3F8B8221B47C5EF006A2619 /* QueueSpec.m in Sources */ = {isa = PBXBuildFile; fileRef = C3F8B8211B47C5EF006A2619 /* QueueSpec.m */; };
		C3F8B8241B47CFE6006A2619 /* CallNextWaveGameActionSpec.m in Sources */ = {isa = PBXBuildFile; fileRef = C3F8B8231B47CFE6006A2619 /* CallNextWaveGameActionSpec.m */; };
		C3FE19E11B44BC0200F26152 /* GameFlowSpec.m in Sources */ = {isa = PBXBuildFile; fileRef = C3FE19E01B44BC0200F26152 /* GameFlowSpec.m */; };
		C3FE19E41B44BC2F00F26152 /* GameFlow.m in Sources */ = {isa = PBXBuildFile; fileRef = C3FE19E31B44BC2F00F26152 /* GameFlow.m */; };
		DFD95E0BAFD8372FD963D424 /* libPods-BlindWizardAppTests.a in Frameworks */ = {isa = PBXBuildFile; fileRef = 2FE3DB190173D277B949EE8E /* libPods-BlindWizardAppTests.a */; };
/* End PBXBuildFile section */

/* Begin PBXContainerItemProxy section */
		C3F6BDEF1B389B860088D924 /* PBXContainerItemProxy */ = {
			isa = PBXContainerItemProxy;
			containerPortal = C3F6BDCD1B389B860088D924 /* Project object */;
			proxyType = 1;
			remoteGlobalIDString = C3F6BDD41B389B860088D924;
			remoteInfo = BlindWizardApp;
		};
/* End PBXContainerItemProxy section */

/* Begin PBXFileReference section */
		2FE3DB190173D277B949EE8E /* libPods-BlindWizardAppTests.a */ = {isa = PBXFileReference; explicitFileType = archive.ar; includeInIndex = 0; path = "libPods-BlindWizardAppTests.a"; sourceTree = BUILT_PRODUCTS_DIR; };
		3C3EAA76789237AA3C2635A2 /* Pods-BlindWizardAppTests.debug.xcconfig */ = {isa = PBXFileReference; includeInIndex = 1; lastKnownFileType = text.xcconfig; name = "Pods-BlindWizardAppTests.debug.xcconfig"; path = "Pods/Target Support Files/Pods-BlindWizardAppTests/Pods-BlindWizardAppTests.debug.xcconfig"; sourceTree = "<group>"; };
		694F5E0C5133767B47BE7698 /* Pods-BlindWizardApp.release.xcconfig */ = {isa = PBXFileReference; includeInIndex = 1; lastKnownFileType = text.xcconfig; name = "Pods-BlindWizardApp.release.xcconfig"; path = "Pods/Target Support Files/Pods-BlindWizardApp/Pods-BlindWizardApp.release.xcconfig"; sourceTree = "<group>"; };
		8F66DF0723764B2C29A3CB58 /* libPods-BlindWizardApp.a */ = {isa = PBXFileReference; explicitFileType = archive.ar; includeInIndex = 0; path = "libPods-BlindWizardApp.a"; sourceTree = BUILT_PRODUCTS_DIR; };
		A4C82791F95AB8508FB957CA /* Pods-BlindWizardApp.debug.xcconfig */ = {isa = PBXFileReference; includeInIndex = 1; lastKnownFileType = text.xcconfig; name = "Pods-BlindWizardApp.debug.xcconfig"; path = "Pods/Target Support Files/Pods-BlindWizardApp/Pods-BlindWizardApp.debug.xcconfig"; sourceTree = "<group>"; };
		C0BC9E0C707035A355E75B87 /* Pods-BlindWizardAppTests.release.xcconfig */ = {isa = PBXFileReference; includeInIndex = 1; lastKnownFileType = text.xcconfig; name = "Pods-BlindWizardAppTests.release.xcconfig"; path = "Pods/Target Support Files/Pods-BlindWizardAppTests/Pods-BlindWizardAppTests.release.xcconfig"; sourceTree = "<group>"; };
		C30A9CC71B449BAD00EBBD94 /* RandomGeneratorSpec.m */ = {isa = PBXFileReference; fileEncoding = 4; lastKnownFileType = sourcecode.c.objc; path = RandomGeneratorSpec.m; sourceTree = "<group>"; };
		C31AACA51B72D71C00299373 /* CreateEnemyOutlinesGameActionSpec.m */ = {isa = PBXFileReference; fileEncoding = 4; lastKnownFileType = sourcecode.c.objc; path = CreateEnemyOutlinesGameActionSpec.m; sourceTree = "<group>"; };
		C31AACA71B72D74200299373 /* CreateEnemyOutlinesGameAction.h */ = {isa = PBXFileReference; fileEncoding = 4; lastKnownFileType = sourcecode.c.h; path = CreateEnemyOutlinesGameAction.h; sourceTree = "<group>"; };
		C31AACA81B72D74200299373 /* CreateEnemyOutlinesGameAction.m */ = {isa = PBXFileReference; fileEncoding = 4; lastKnownFileType = sourcecode.c.objc; path = CreateEnemyOutlinesGameAction.m; sourceTree = "<group>"; };
		C31AACAD1B730FA300299373 /* EnemyOutlineViewModel.h */ = {isa = PBXFileReference; fileEncoding = 4; lastKnownFileType = sourcecode.c.h; path = EnemyOutlineViewModel.h; sourceTree = "<group>"; };
		C31AACAE1B730FA300299373 /* EnemyOutlineViewModel.m */ = {isa = PBXFileReference; fileEncoding = 4; lastKnownFileType = sourcecode.c.objc; path = EnemyOutlineViewModel.m; sourceTree = "<group>"; };
		C31AACB01B73169A00299373 /* EnemyOutlineView.h */ = {isa = PBXFileReference; fileEncoding = 4; lastKnownFileType = sourcecode.c.h; path = EnemyOutlineView.h; sourceTree = "<group>"; };
		C31AACB11B73169A00299373 /* EnemyOutlineView.m */ = {isa = PBXFileReference; fileEncoding = 4; lastKnownFileType = sourcecode.c.objc; path = EnemyOutlineView.m; sourceTree = "<group>"; };
		C32C53FE1B50323F004CE82E /* SlideLeftSegue.h */ = {isa = PBXFileReference; fileEncoding = 4; lastKnownFileType = sourcecode.c.h; path = SlideLeftSegue.h; sourceTree = "<group>"; };
		C32C53FF1B50323F004CE82E /* SlideLeftSegue.m */ = {isa = PBXFileReference; fileEncoding = 4; lastKnownFileType = sourcecode.c.objc; path = SlideLeftSegue.m; sourceTree = "<group>"; };
		C32C54011B5055EA004CE82E /* SlideRightUnwindSegue.h */ = {isa = PBXFileReference; fileEncoding = 4; lastKnownFileType = sourcecode.c.h; path = SlideRightUnwindSegue.h; sourceTree = "<group>"; };
		C32C54021B5055EA004CE82E /* SlideRightUnwindSegue.m */ = {isa = PBXFileReference; fileEncoding = 4; lastKnownFileType = sourcecode.c.objc; path = SlideRightUnwindSegue.m; sourceTree = "<group>"; };
		C32C54041B505907004CE82E /* SlideUpSegue.h */ = {isa = PBXFileReference; fileEncoding = 4; lastKnownFileType = sourcecode.c.h; path = SlideUpSegue.h; sourceTree = "<group>"; };
		C32C54051B505907004CE82E /* SlideUpSegue.m */ = {isa = PBXFileReference; fileEncoding = 4; lastKnownFileType = sourcecode.c.objc; path = SlideUpSegue.m; sourceTree = "<group>"; };
		C32C54071B505977004CE82E /* SlideDownUnwindSegue.h */ = {isa = PBXFileReference; fileEncoding = 4; lastKnownFileType = sourcecode.c.h; path = SlideDownUnwindSegue.h; sourceTree = "<group>"; };
		C32C54081B505977004CE82E /* SlideDownUnwindSegue.m */ = {isa = PBXFileReference; fileEncoding = 4; lastKnownFileType = sourcecode.c.objc; path = SlideDownUnwindSegue.m; sourceTree = "<group>"; };
		C32C540A1B508744004CE82E /* CheckDangerousGameAction.h */ = {isa = PBXFileReference; fileEncoding = 4; lastKnownFileType = sourcecode.c.h; path = CheckDangerousGameAction.h; sourceTree = "<group>"; };
		C32C540B1B508744004CE82E /* CheckDangerousGameAction.m */ = {isa = PBXFileReference; fileEncoding = 4; lastKnownFileType = sourcecode.c.objc; path = CheckDangerousGameAction.m; sourceTree = "<group>"; };
		C32C540D1B50874F004CE82E /* CheckDangerousGameActionSpec.m */ = {isa = PBXFileReference; fileEncoding = 4; lastKnownFileType = sourcecode.c.objc; path = CheckDangerousGameActionSpec.m; sourceTree = "<group>"; };
		C33EA34C1B45F657001D7218 /* GameConstants.h */ = {isa = PBXFileReference; lastKnownFileType = sourcecode.c.h; path = GameConstants.h; sourceTree = "<group>"; };
		C345FF761B4F7018004C249F /* ScoreCalculatorSpec.m */ = {isa = PBXFileReference; fileEncoding = 4; lastKnownFileType = sourcecode.c.objc; path = ScoreCalculatorSpec.m; sourceTree = "<group>"; };
		C345FF781B4F79B2004C249F /* ScoreCalculator.h */ = {isa = PBXFileReference; fileEncoding = 4; lastKnownFileType = sourcecode.c.h; path = ScoreCalculator.h; sourceTree = "<group>"; };
		C345FF791B4F79B2004C249F /* ScoreCalculator.m */ = {isa = PBXFileReference; fileEncoding = 4; lastKnownFileType = sourcecode.c.objc; path = ScoreCalculator.m; sourceTree = "<group>"; };
		C345FF7B1B4F95BA004C249F /* LoadInitialEnemiesGameAction.h */ = {isa = PBXFileReference; fileEncoding = 4; lastKnownFileType = sourcecode.c.h; path = LoadInitialEnemiesGameAction.h; sourceTree = "<group>"; };
		C345FF7C1B4F95BA004C249F /* LoadInitialEnemiesGameAction.m */ = {isa = PBXFileReference; fileEncoding = 4; lastKnownFileType = sourcecode.c.objc; path = LoadInitialEnemiesGameAction.m; sourceTree = "<group>"; };
		C345FF811B4F967E004C249F /* LoadInitialEnemiesGameActionSpec.m */ = {isa = PBXFileReference; fileEncoding = 4; lastKnownFileType = sourcecode.c.objc; path = LoadInitialEnemiesGameActionSpec.m; sourceTree = "<group>"; };
		C345FF841B4FAF75004C249F /* TopScores.h */ = {isa = PBXFileReference; fileEncoding = 4; lastKnownFileType = sourcecode.c.h; path = TopScores.h; sourceTree = "<group>"; };
		C345FF851B4FAF75004C249F /* TopScores.m */ = {isa = PBXFileReference; fileEncoding = 4; lastKnownFileType = sourcecode.c.objc; path = TopScores.m; sourceTree = "<group>"; };
		C345FF871B4FAF82004C249F /* TopScoresSpec.m */ = {isa = PBXFileReference; fileEncoding = 4; lastKnownFileType = sourcecode.c.objc; path = TopScoresSpec.m; sourceTree = "<group>"; };
		C345FF891B4FB956004C249F /* ModelAssembly.h */ = {isa = PBXFileReference; fileEncoding = 4; lastKnownFileType = sourcecode.c.h; path = ModelAssembly.h; sourceTree = "<group>"; };
		C345FF8A1B4FB956004C249F /* ModelAssembly.m */ = {isa = PBXFileReference; fileEncoding = 4; lastKnownFileType = sourcecode.c.objc; path = ModelAssembly.m; sourceTree = "<group>"; };
		C345FF8C1B4FBA77004C249F /* LeaderboardViewControllerSpec.m */ = {isa = PBXFileReference; fileEncoding = 4; lastKnownFileType = sourcecode.c.objc; path = LeaderboardViewControllerSpec.m; sourceTree = "<group>"; };
		C345FF8E1B4FBC9A004C249F /* LeaderboardViewModel.m */ = {isa = PBXFileReference; fileEncoding = 4; lastKnownFileType = sourcecode.c.objc; path = LeaderboardViewModel.m; sourceTree = "<group>"; };
		C345FF901B4FBD5F004C249F /* LeaderboardViewModel.h */ = {isa = PBXFileReference; fileEncoding = 4; lastKnownFileType = sourcecode.c.h; path = LeaderboardViewModel.h; sourceTree = "<group>"; };
		C345FF911B4FBD5F004C249F /* LeaderboardViewModel.m */ = {isa = PBXFileReference; fileEncoding = 4; lastKnownFileType = sourcecode.c.objc; path = LeaderboardViewModel.m; sourceTree = "<group>"; };
		C34EFBFF1B4267980079B6DC /* GameObjectFactorySpec.m */ = {isa = PBXFileReference; fileEncoding = 4; lastKnownFileType = sourcecode.c.objc; path = GameObjectFactorySpec.m; sourceTree = "<group>"; };
		C34EFC011B426EF20079B6DC /* GridStorageSpec.m */ = {isa = PBXFileReference; fileEncoding = 4; lastKnownFileType = sourcecode.c.objc; path = GridStorageSpec.m; sourceTree = "<group>"; };
		C34EFC061B427B350079B6DC /* GridStorageKeyGeneratorSpec.m */ = {isa = PBXFileReference; fileEncoding = 4; lastKnownFileType = sourcecode.c.objc; path = GridStorageKeyGeneratorSpec.m; sourceTree = "<group>"; };
		C34F7F601B3C991200D07881 /* Game.h */ = {isa = PBXFileReference; fileEncoding = 4; lastKnownFileType = sourcecode.c.h; path = Game.h; sourceTree = "<group>"; };
		C34F7F611B3C991200D07881 /* Game.m */ = {isa = PBXFileReference; fileEncoding = 4; lastKnownFileType = sourcecode.c.objc; path = Game.m; sourceTree = "<group>"; };
		C34F7F631B3CA29E00D07881 /* GameSpec.m */ = {isa = PBXFileReference; fileEncoding = 4; lastKnownFileType = sourcecode.c.objc; path = GameSpec.m; sourceTree = "<group>"; };
		C34F7F651B3CD28A00D07881 /* BoardViewModel.h */ = {isa = PBXFileReference; fileEncoding = 4; lastKnownFileType = sourcecode.c.h; path = BoardViewModel.h; sourceTree = "<group>"; };
		C34F7F661B3CD28A00D07881 /* BoardViewModel.m */ = {isa = PBXFileReference; fileEncoding = 4; lastKnownFileType = sourcecode.c.objc; path = BoardViewModel.m; sourceTree = "<group>"; };
		C35031F51B4B4DA700A12F8E /* ViewControllerAssembly.h */ = {isa = PBXFileReference; fileEncoding = 4; lastKnownFileType = sourcecode.c.h; path = ViewControllerAssembly.h; sourceTree = "<group>"; };
		C35031F61B4B4DA700A12F8E /* ViewControllerAssembly.m */ = {isa = PBXFileReference; fileEncoding = 4; lastKnownFileType = sourcecode.c.objc; path = ViewControllerAssembly.m; sourceTree = "<group>"; };
		C35031F81B4B4EF600A12F8E /* GameAssembly.h */ = {isa = PBXFileReference; fileEncoding = 4; lastKnownFileType = sourcecode.c.h; path = GameAssembly.h; sourceTree = "<group>"; };
		C35031F91B4B4EF600A12F8E /* GameAssembly.m */ = {isa = PBXFileReference; fileEncoding = 4; lastKnownFileType = sourcecode.c.objc; path = GameAssembly.m; sourceTree = "<group>"; };
		C35031FB1B4B4F0B00A12F8E /* GameDependencyFactory.h */ = {isa = PBXFileReference; lastKnownFileType = sourcecode.c.h; path = GameDependencyFactory.h; sourceTree = "<group>"; };
		C35031FC1B4B500100A12F8E /* GeneralAssembly.h */ = {isa = PBXFileReference; fileEncoding = 4; lastKnownFileType = sourcecode.c.h; path = GeneralAssembly.h; sourceTree = "<group>"; };
		C35031FD1B4B500100A12F8E /* GeneralAssembly.m */ = {isa = PBXFileReference; fileEncoding = 4; lastKnownFileType = sourcecode.c.objc; path = GeneralAssembly.m; sourceTree = "<group>"; };
		C35032001B4B5E3A00A12F8E /* GameObjectAssembly.h */ = {isa = PBXFileReference; fileEncoding = 4; lastKnownFileType = sourcecode.c.h; path = GameObjectAssembly.h; sourceTree = "<group>"; };
		C35032011B4B5E3A00A12F8E /* GameObjectAssembly.m */ = {isa = PBXFileReference; fileEncoding = 4; lastKnownFileType = sourcecode.c.objc; path = GameObjectAssembly.m; sourceTree = "<group>"; };
		C35032031B4B887400A12F8E /* GameObjectDependencyFactory.h */ = {isa = PBXFileReference; lastKnownFileType = sourcecode.c.h; path = GameObjectDependencyFactory.h; sourceTree = "<group>"; };
		C35032041B4B8D1C00A12F8E /* GridCalculatorFactory.h */ = {isa = PBXFileReference; lastKnownFileType = sourcecode.c.h; path = GridCalculatorFactory.h; sourceTree = "<group>"; };
		C35032051B4BA9FD00A12F8E /* GameObjectFactoryFactory.h */ = {isa = PBXFileReference; lastKnownFileType = sourcecode.c.h; path = GameObjectFactoryFactory.h; sourceTree = "<group>"; };
		C35032071B4BB1BD00A12F8E /* NSObject+MTKTest.h */ = {isa = PBXFileReference; fileEncoding = 4; lastKnownFileType = sourcecode.c.h; path = "NSObject+MTKTest.h"; sourceTree = "<group>"; };
		C35032081B4BB1BD00A12F8E /* NSObject+MTKTest.m */ = {isa = PBXFileReference; fileEncoding = 4; lastKnownFileType = sourcecode.c.objc; path = "NSObject+MTKTest.m"; sourceTree = "<group>"; };
		C35032091B4BB1BD00A12F8E /* UIViewController+TestSegue.h */ = {isa = PBXFileReference; fileEncoding = 4; lastKnownFileType = sourcecode.c.h; path = "UIViewController+TestSegue.h"; sourceTree = "<group>"; };
		C350320A1B4BB1BD00A12F8E /* UIViewController+TestSegue.m */ = {isa = PBXFileReference; fileEncoding = 4; lastKnownFileType = sourcecode.c.objc; path = "UIViewController+TestSegue.m"; sourceTree = "<group>"; };
		C350320D1B4BB1E000A12F8E /* GameBoard+Test.h */ = {isa = PBXFileReference; fileEncoding = 4; lastKnownFileType = sourcecode.c.h; path = "GameBoard+Test.h"; sourceTree = "<group>"; };
		C35C2E741B484E1C00FF7944 /* ShiftEnemiesLeftGameActionSpec.m */ = {isa = PBXFileReference; fileEncoding = 4; lastKnownFileType = sourcecode.c.objc; path = ShiftEnemiesLeftGameActionSpec.m; sourceTree = "<group>"; };
		C35C2E761B4857A900FF7944 /* DropEnemiesDownGameAction.h */ = {isa = PBXFileReference; fileEncoding = 4; lastKnownFileType = sourcecode.c.h; path = DropEnemiesDownGameAction.h; sourceTree = "<group>"; };
		C35C2E771B4857AA00FF7944 /* DropEnemiesDownGameAction.m */ = {isa = PBXFileReference; fileEncoding = 4; lastKnownFileType = sourcecode.c.objc; path = DropEnemiesDownGameAction.m; sourceTree = "<group>"; };
		C35C2E791B48625500FF7944 /* ShiftEnemiesRightGameActionSpec.m */ = {isa = PBXFileReference; fileEncoding = 4; lastKnownFileType = sourcecode.c.objc; path = ShiftEnemiesRightGameActionSpec.m; sourceTree = "<group>"; };
		C35C2E7B1B4863ED00FF7944 /* DropEnemiesDownGameActionSpec.m */ = {isa = PBXFileReference; fileEncoding = 4; lastKnownFileType = sourcecode.c.objc; path = DropEnemiesDownGameActionSpec.m; sourceTree = "<group>"; };
		C35C2E7D1B488E0C00FF7944 /* DestroyEnemyGroupsGameActionSpec.m */ = {isa = PBXFileReference; fileEncoding = 4; lastKnownFileType = sourcecode.c.objc; path = DestroyEnemyGroupsGameActionSpec.m; sourceTree = "<group>"; };
		C35C2E7F1B488EDD00FF7944 /* DestroyEnemyGroupsGameAction.h */ = {isa = PBXFileReference; fileEncoding = 4; lastKnownFileType = sourcecode.c.h; path = DestroyEnemyGroupsGameAction.h; sourceTree = "<group>"; };
		C35C2E801B488EDD00FF7944 /* DestroyEnemyGroupsGameAction.m */ = {isa = PBXFileReference; fileEncoding = 4; lastKnownFileType = sourcecode.c.objc; path = DestroyEnemyGroupsGameAction.m; sourceTree = "<group>"; };
		C35C2E821B4891B400FF7944 /* GameBoardSpec.m */ = {isa = PBXFileReference; fileEncoding = 4; lastKnownFileType = sourcecode.c.objc; path = GameBoardSpec.m; sourceTree = "<group>"; };
		C35C2E841B48B02600FF7944 /* CheckLoseGameAction.h */ = {isa = PBXFileReference; fileEncoding = 4; lastKnownFileType = sourcecode.c.h; path = CheckLoseGameAction.h; sourceTree = "<group>"; };
		C35C2E851B48B02600FF7944 /* CheckLoseGameAction.m */ = {isa = PBXFileReference; fileEncoding = 4; lastKnownFileType = sourcecode.c.objc; path = CheckLoseGameAction.m; sourceTree = "<group>"; };
		C35C2E871B48B27500FF7944 /* CheckLoseGameActionSpec.m */ = {isa = PBXFileReference; fileEncoding = 4; lastKnownFileType = sourcecode.c.objc; path = CheckLoseGameActionSpec.m; sourceTree = "<group>"; };
		C35C2E891B48BBE300FF7944 /* GameConfig.plist */ = {isa = PBXFileReference; fileEncoding = 4; lastKnownFileType = text.plist.xml; path = GameConfig.plist; sourceTree = "<group>"; };
		C35C2E8B1B48E13C00FF7944 /* EnemyViewModelSpec.m */ = {isa = PBXFileReference; fileEncoding = 4; lastKnownFileType = sourcecode.c.objc; path = EnemyViewModelSpec.m; sourceTree = "<group>"; };
		C35C2E8D1B48EF1400FF7944 /* EnemyViewSpec.m */ = {isa = PBXFileReference; fileEncoding = 4; lastKnownFileType = sourcecode.c.objc; path = EnemyViewSpec.m; sourceTree = "<group>"; };
		C35C2E931B490D7600FF7944 /* GridCalculatorSpec.m */ = {isa = PBXFileReference; fileEncoding = 4; lastKnownFileType = sourcecode.c.objc; path = GridCalculatorSpec.m; sourceTree = "<group>"; };
		C37B74941B3CF5FF00D22D5E /* BoardViewModelSpec.m */ = {isa = PBXFileReference; fileEncoding = 4; lastKnownFileType = sourcecode.c.objc; path = BoardViewModelSpec.m; sourceTree = "<group>"; };
		C3A3B3281B3BCCBF00ADF11A /* PlayViewModelSpec.m */ = {isa = PBXFileReference; fileEncoding = 4; lastKnownFileType = sourcecode.c.objc; path = PlayViewModelSpec.m; sourceTree = "<group>"; };
		C3A3B32B1B3BD07400ADF11A /* BoardViewController.h */ = {isa = PBXFileReference; fileEncoding = 4; lastKnownFileType = sourcecode.c.h; path = BoardViewController.h; sourceTree = "<group>"; };
		C3A3B32C1B3BD07400ADF11A /* BoardViewController.m */ = {isa = PBXFileReference; fileEncoding = 4; lastKnownFileType = sourcecode.c.objc; path = BoardViewController.m; sourceTree = "<group>"; };
		C3A3B32E1B3BD84700ADF11A /* PlayViewModel.h */ = {isa = PBXFileReference; fileEncoding = 4; lastKnownFileType = sourcecode.c.h; path = PlayViewModel.h; sourceTree = "<group>"; };
		C3A3B32F1B3BD84700ADF11A /* PlayViewModel.m */ = {isa = PBXFileReference; fileEncoding = 4; lastKnownFileType = sourcecode.c.objc; path = PlayViewModel.m; sourceTree = "<group>"; };
		C3A9E7AF1B38FC1F006D9C68 /* PlayViewController.h */ = {isa = PBXFileReference; fileEncoding = 4; lastKnownFileType = sourcecode.c.h; path = PlayViewController.h; sourceTree = "<group>"; };
		C3A9E7B01B38FC1F006D9C68 /* PlayViewController.m */ = {isa = PBXFileReference; fileEncoding = 4; lastKnownFileType = sourcecode.c.objc; path = PlayViewController.m; sourceTree = "<group>"; };
		C3A9E7B31B38FC35006D9C68 /* TitleViewController.h */ = {isa = PBXFileReference; fileEncoding = 4; lastKnownFileType = sourcecode.c.h; path = TitleViewController.h; sourceTree = "<group>"; };
		C3A9E7B41B38FC35006D9C68 /* TitleViewController.m */ = {isa = PBXFileReference; fileEncoding = 4; lastKnownFileType = sourcecode.c.objc; path = TitleViewController.m; sourceTree = "<group>"; };
		C3A9E7B71B38FDC4006D9C68 /* LeaderboardViewController.h */ = {isa = PBXFileReference; fileEncoding = 4; lastKnownFileType = sourcecode.c.h; path = LeaderboardViewController.h; sourceTree = "<group>"; };
		C3A9E7B81B38FDC4006D9C68 /* LeaderboardViewController.m */ = {isa = PBXFileReference; fileEncoding = 4; lastKnownFileType = sourcecode.c.objc; path = LeaderboardViewController.m; sourceTree = "<group>"; };
		C3BEFDF61B3E1997002930BA /* GameObjectFactory.h */ = {isa = PBXFileReference; fileEncoding = 4; lastKnownFileType = sourcecode.c.h; path = GameObjectFactory.h; sourceTree = "<group>"; };
		C3BEFDF71B3E1997002930BA /* GameObjectFactory.m */ = {isa = PBXFileReference; fileEncoding = 4; lastKnownFileType = sourcecode.c.objc; path = GameObjectFactory.m; sourceTree = "<group>"; };
		C3BEFDFD1B3E1E0A002930BA /* EnemyViewModel.h */ = {isa = PBXFileReference; fileEncoding = 4; lastKnownFileType = sourcecode.c.h; path = EnemyViewModel.h; sourceTree = "<group>"; };
		C3BEFDFE1B3E1E0A002930BA /* EnemyViewModel.m */ = {isa = PBXFileReference; fileEncoding = 4; lastKnownFileType = sourcecode.c.objc; path = EnemyViewModel.m; sourceTree = "<group>"; };
		C3BEFE001B3E1E1A002930BA /* EnemyView.h */ = {isa = PBXFileReference; fileEncoding = 4; lastKnownFileType = sourcecode.c.h; path = EnemyView.h; sourceTree = "<group>"; };
		C3BEFE011B3E1E1A002930BA /* EnemyView.m */ = {isa = PBXFileReference; fileEncoding = 4; lastKnownFileType = sourcecode.c.objc; path = EnemyView.m; sourceTree = "<group>"; };
		C3EA14021B4CE1900022CE9E /* WaveControllerSpec.m */ = {isa = PBXFileReference; fileEncoding = 4; lastKnownFileType = sourcecode.c.objc; path = WaveControllerSpec.m; sourceTree = "<group>"; };
		C3EA14041B4CE1F60022CE9E /* WaveController.h */ = {isa = PBXFileReference; fileEncoding = 4; lastKnownFileType = sourcecode.c.h; path = WaveController.h; sourceTree = "<group>"; };
		C3EA14051B4CE1F60022CE9E /* WaveController.m */ = {isa = PBXFileReference; fileEncoding = 4; lastKnownFileType = sourcecode.c.objc; path = WaveController.m; sourceTree = "<group>"; };
		C3EA5B7E1B43A1C000376A5F /* GridCalculator.h */ = {isa = PBXFileReference; fileEncoding = 4; lastKnownFileType = sourcecode.c.h; path = GridCalculator.h; sourceTree = "<group>"; };
		C3EA5B7F1B43A1C000376A5F /* GridCalculator.m */ = {isa = PBXFileReference; fileEncoding = 4; lastKnownFileType = sourcecode.c.objc; path = GridCalculator.m; sourceTree = "<group>"; };
		C3EA5B801B43A1C000376A5F /* GridStorage.h */ = {isa = PBXFileReference; fileEncoding = 4; lastKnownFileType = sourcecode.c.h; path = GridStorage.h; sourceTree = "<group>"; };
		C3EA5B811B43A1C000376A5F /* GridStorage.m */ = {isa = PBXFileReference; fileEncoding = 4; lastKnownFileType = sourcecode.c.objc; path = GridStorage.m; sourceTree = "<group>"; };
		C3EA5B821B43A1C000376A5F /* GridStorageKeyGenerator.h */ = {isa = PBXFileReference; fileEncoding = 4; lastKnownFileType = sourcecode.c.h; path = GridStorageKeyGenerator.h; sourceTree = "<group>"; };
		C3EA5B831B43A1C000376A5F /* GridStorageKeyGenerator.m */ = {isa = PBXFileReference; fileEncoding = 4; lastKnownFileType = sourcecode.c.objc; path = GridStorageKeyGenerator.m; sourceTree = "<group>"; };
		C3F6BDD51B389B860088D924 /* BlindWizardApp.app */ = {isa = PBXFileReference; explicitFileType = wrapper.application; includeInIndex = 0; path = BlindWizardApp.app; sourceTree = BUILT_PRODUCTS_DIR; };
		C3F6BDD91B389B860088D924 /* Info.plist */ = {isa = PBXFileReference; lastKnownFileType = text.plist.xml; path = Info.plist; sourceTree = "<group>"; };
		C3F6BDDA1B389B860088D924 /* main.m */ = {isa = PBXFileReference; lastKnownFileType = sourcecode.c.objc; path = main.m; sourceTree = "<group>"; };
		C3F6BDDC1B389B860088D924 /* AppDelegate.h */ = {isa = PBXFileReference; lastKnownFileType = sourcecode.c.h; path = AppDelegate.h; sourceTree = "<group>"; };
		C3F6BDDD1B389B860088D924 /* AppDelegate.m */ = {isa = PBXFileReference; lastKnownFileType = sourcecode.c.objc; path = AppDelegate.m; sourceTree = "<group>"; };
		C3F6BDE31B389B860088D924 /* Base */ = {isa = PBXFileReference; lastKnownFileType = file.storyboard; name = Base; path = Base.lproj/Main.storyboard; sourceTree = "<group>"; };
		C3F6BDE51B389B860088D924 /* Images.xcassets */ = {isa = PBXFileReference; lastKnownFileType = folder.assetcatalog; path = Images.xcassets; sourceTree = "<group>"; };
		C3F6BDE81B389B860088D924 /* Base */ = {isa = PBXFileReference; lastKnownFileType = file.xib; name = Base; path = Base.lproj/LaunchScreen.xib; sourceTree = "<group>"; };
		C3F6BDEE1B389B860088D924 /* BlindWizardAppTests.xctest */ = {isa = PBXFileReference; explicitFileType = wrapper.cfbundle; includeInIndex = 0; path = BlindWizardAppTests.xctest; sourceTree = BUILT_PRODUCTS_DIR; };
		C3F6BDF31B389B860088D924 /* Info.plist */ = {isa = PBXFileReference; lastKnownFileType = text.plist.xml; path = Info.plist; sourceTree = "<group>"; };
		C3F6BE061B38F6620088D924 /* TitleViewControllerSpec.m */ = {isa = PBXFileReference; fileEncoding = 4; lastKnownFileType = sourcecode.c.objc; path = TitleViewControllerSpec.m; sourceTree = "<group>"; };
		C3F72DA61B3A2C800040909A /* PlayViewControllerSpec.m */ = {isa = PBXFileReference; fileEncoding = 4; lastKnownFileType = sourcecode.c.objc; path = PlayViewControllerSpec.m; sourceTree = "<group>"; };
		C3F72DA81B3A312B0040909A /* BoardViewControllerSpec.m */ = {isa = PBXFileReference; fileEncoding = 4; lastKnownFileType = sourcecode.c.objc; path = BoardViewControllerSpec.m; sourceTree = "<group>"; };
		C3F8B7A11B4762ED006A2619 /* GameAction.h */ = {isa = PBXFileReference; fileEncoding = 4; lastKnownFileType = sourcecode.c.h; path = GameAction.h; sourceTree = "<group>"; };
		C3F8B7A41B476449006A2619 /* CallNextWaveGameAction.h */ = {isa = PBXFileReference; fileEncoding = 4; lastKnownFileType = sourcecode.c.h; path = CallNextWaveGameAction.h; sourceTree = "<group>"; };
		C3F8B7A51B476449006A2619 /* CallNextWaveGameAction.m */ = {isa = PBXFileReference; fileEncoding = 4; lastKnownFileType = sourcecode.c.objc; path = CallNextWaveGameAction.m; sourceTree = "<group>"; };
		C3F8B7A81B478723006A2619 /* GameBoard.h */ = {isa = PBXFileReference; fileEncoding = 4; lastKnownFileType = sourcecode.c.h; path = GameBoard.h; sourceTree = "<group>"; };
		C3F8B7A91B478723006A2619 /* GameBoard.m */ = {isa = PBXFileReference; fileEncoding = 4; lastKnownFileType = sourcecode.c.objc; path = GameBoard.m; sourceTree = "<group>"; };
		C3F8B7AB1B47A351006A2619 /* ShiftEnemiesLeftGameAction.h */ = {isa = PBXFileReference; fileEncoding = 4; lastKnownFileType = sourcecode.c.h; path = ShiftEnemiesLeftGameAction.h; sourceTree = "<group>"; };
		C3F8B7AC1B47A351006A2619 /* ShiftEnemiesLeftGameAction.m */ = {isa = PBXFileReference; fileEncoding = 4; lastKnownFileType = sourcecode.c.objc; path = ShiftEnemiesLeftGameAction.m; sourceTree = "<group>"; };
		C3F8B7AE1B47A3E7006A2619 /* ShiftEnemiesRightGameAction.h */ = {isa = PBXFileReference; fileEncoding = 4; lastKnownFileType = sourcecode.c.h; path = ShiftEnemiesRightGameAction.h; sourceTree = "<group>"; };
		C3F8B7AF1B47A3E7006A2619 /* ShiftEnemiesRightGameAction.m */ = {isa = PBXFileReference; fileEncoding = 4; lastKnownFileType = sourcecode.c.objc; path = ShiftEnemiesRightGameAction.m; sourceTree = "<group>"; };
		C3F8B8191B47B7BE006A2619 /* Queue.h */ = {isa = PBXFileReference; fileEncoding = 4; lastKnownFileType = sourcecode.c.h; path = Queue.h; sourceTree = "<group>"; };
		C3F8B81A1B47B7BE006A2619 /* Queue.m */ = {isa = PBXFileReference; fileEncoding = 4; lastKnownFileType = sourcecode.c.objc; path = Queue.m; sourceTree = "<group>"; };
		C3F8B81C1B47B7DA006A2619 /* RandomGenerator.h */ = {isa = PBXFileReference; fileEncoding = 4; lastKnownFileType = sourcecode.c.h; path = RandomGenerator.h; sourceTree = "<group>"; };
		C3F8B81D1B47B7DA006A2619 /* RandomGenerator.m */ = {isa = PBXFileReference; fileEncoding = 4; lastKnownFileType = sourcecode.c.objc; path = RandomGenerator.m; sourceTree = "<group>"; };
		C3F8B8211B47C5EF006A2619 /* QueueSpec.m */ = {isa = PBXFileReference; fileEncoding = 4; lastKnownFileType = sourcecode.c.objc; path = QueueSpec.m; sourceTree = "<group>"; };
		C3F8B8231B47CFE6006A2619 /* CallNextWaveGameActionSpec.m */ = {isa = PBXFileReference; fileEncoding = 4; lastKnownFileType = sourcecode.c.objc; path = CallNextWaveGameActionSpec.m; sourceTree = "<group>"; };
		C3FE19E01B44BC0200F26152 /* GameFlowSpec.m */ = {isa = PBXFileReference; fileEncoding = 4; lastKnownFileType = sourcecode.c.objc; path = GameFlowSpec.m; sourceTree = "<group>"; };
		C3FE19E21B44BC2F00F26152 /* GameFlow.h */ = {isa = PBXFileReference; fileEncoding = 4; lastKnownFileType = sourcecode.c.h; path = GameFlow.h; sourceTree = "<group>"; };
		C3FE19E31B44BC2F00F26152 /* GameFlow.m */ = {isa = PBXFileReference; fileEncoding = 4; lastKnownFileType = sourcecode.c.objc; path = GameFlow.m; sourceTree = "<group>"; };
/* End PBXFileReference section */

/* Begin PBXFrameworksBuildPhase section */
		C3F6BDD21B389B860088D924 /* Frameworks */ = {
			isa = PBXFrameworksBuildPhase;
			buildActionMask = 2147483647;
			files = (
				7FAB24D207C69E0B81926A2F /* libPods-BlindWizardApp.a in Frameworks */,
			);
			runOnlyForDeploymentPostprocessing = 0;
		};
		C3F6BDEB1B389B860088D924 /* Frameworks */ = {
			isa = PBXFrameworksBuildPhase;
			buildActionMask = 2147483647;
			files = (
				DFD95E0BAFD8372FD963D424 /* libPods-BlindWizardAppTests.a in Frameworks */,
			);
			runOnlyForDeploymentPostprocessing = 0;
		};
/* End PBXFrameworksBuildPhase section */

/* Begin PBXGroup section */
		1A829DB1D62908C854E75663 /* Pods */ = {
			isa = PBXGroup;
			children = (
				A4C82791F95AB8508FB957CA /* Pods-BlindWizardApp.debug.xcconfig */,
				694F5E0C5133767B47BE7698 /* Pods-BlindWizardApp.release.xcconfig */,
				3C3EAA76789237AA3C2635A2 /* Pods-BlindWizardAppTests.debug.xcconfig */,
				C0BC9E0C707035A355E75B87 /* Pods-BlindWizardAppTests.release.xcconfig */,
			);
			name = Pods;
			sourceTree = "<group>";
		};
		C31AACAC1B730F9300299373 /* EnemyOutlines */ = {
			isa = PBXGroup;
			children = (
				C31AACAD1B730FA300299373 /* EnemyOutlineViewModel.h */,
				C31AACAE1B730FA300299373 /* EnemyOutlineViewModel.m */,
				C31AACB01B73169A00299373 /* EnemyOutlineView.h */,
				C31AACB11B73169A00299373 /* EnemyOutlineView.m */,
			);
			path = EnemyOutlines;
			sourceTree = "<group>";
		};
		C32C53FD1B503220004CE82E /* Segues */ = {
			isa = PBXGroup;
			children = (
				C32C53FE1B50323F004CE82E /* SlideLeftSegue.h */,
				C32C53FF1B50323F004CE82E /* SlideLeftSegue.m */,
				C32C54011B5055EA004CE82E /* SlideRightUnwindSegue.h */,
				C32C54021B5055EA004CE82E /* SlideRightUnwindSegue.m */,
				C32C54041B505907004CE82E /* SlideUpSegue.h */,
				C32C54051B505907004CE82E /* SlideUpSegue.m */,
				C32C54071B505977004CE82E /* SlideDownUnwindSegue.h */,
				C32C54081B505977004CE82E /* SlideDownUnwindSegue.m */,
			);
			path = Segues;
			sourceTree = "<group>";
		};
		C345FF831B4FAF61004C249F /* Model */ = {
			isa = PBXGroup;
			children = (
				C345FF841B4FAF75004C249F /* TopScores.h */,
				C345FF851B4FAF75004C249F /* TopScores.m */,
			);
			path = Model;
			sourceTree = "<group>";
		};
		C34EFBFE1B425CCA0079B6DC /* Effects */ = {
			isa = PBXGroup;
			children = (
			);
			path = Effects;
			sourceTree = "<group>";
		};
		C34F7F5F1B3C990000D07881 /* GameLogic */ = {
			isa = PBXGroup;
			children = (
				C3F8B7A01B4762E5006A2619 /* GameActions */,
				C33EA34C1B45F657001D7218 /* GameConstants.h */,
				C34F7F601B3C991200D07881 /* Game.h */,
				C34F7F611B3C991200D07881 /* Game.m */,
				C3F8B7A81B478723006A2619 /* GameBoard.h */,
				C3F8B7A91B478723006A2619 /* GameBoard.m */,
				C3FE19E21B44BC2F00F26152 /* GameFlow.h */,
				C3FE19E31B44BC2F00F26152 /* GameFlow.m */,
				C3EA14041B4CE1F60022CE9E /* WaveController.h */,
				C3EA14051B4CE1F60022CE9E /* WaveController.m */,
				C345FF781B4F79B2004C249F /* ScoreCalculator.h */,
				C345FF791B4F79B2004C249F /* ScoreCalculator.m */,
			);
			path = GameLogic;
			sourceTree = "<group>";
		};
		C35032061B4BB1BD00A12F8E /* TestUtils */ = {
			isa = PBXGroup;
			children = (
				C35032071B4BB1BD00A12F8E /* NSObject+MTKTest.h */,
				C35032081B4BB1BD00A12F8E /* NSObject+MTKTest.m */,
				C35032091B4BB1BD00A12F8E /* UIViewController+TestSegue.h */,
				C350320A1B4BB1BD00A12F8E /* UIViewController+TestSegue.m */,
				C350320D1B4BB1E000A12F8E /* GameBoard+Test.h */,
			);
			path = TestUtils;
			sourceTree = "<group>";
		};
		C3A3B32A1B3BD06C00ADF11A /* BoardViewController */ = {
			isa = PBXGroup;
			children = (
				C3A3B32B1B3BD07400ADF11A /* BoardViewController.h */,
				C3A3B32C1B3BD07400ADF11A /* BoardViewController.m */,
				C34F7F651B3CD28A00D07881 /* BoardViewModel.h */,
				C34F7F661B3CD28A00D07881 /* BoardViewModel.m */,
			);
			path = BoardViewController;
			sourceTree = "<group>";
		};
		C3A9E7AE1B38FC13006D9C68 /* PlayViewController */ = {
			isa = PBXGroup;
			children = (
				C3A9E7AF1B38FC1F006D9C68 /* PlayViewController.h */,
				C3A9E7B01B38FC1F006D9C68 /* PlayViewController.m */,
				C3A3B32E1B3BD84700ADF11A /* PlayViewModel.h */,
				C3A3B32F1B3BD84700ADF11A /* PlayViewModel.m */,
			);
			path = PlayViewController;
			sourceTree = "<group>";
		};
		C3A9E7B21B38FC35006D9C68 /* TitleViewController */ = {
			isa = PBXGroup;
			children = (
				C3A9E7B31B38FC35006D9C68 /* TitleViewController.h */,
				C3A9E7B41B38FC35006D9C68 /* TitleViewController.m */,
			);
			path = TitleViewController;
			sourceTree = "<group>";
		};
		C3A9E7B61B38FDB6006D9C68 /* LeaderboardViewController */ = {
			isa = PBXGroup;
			children = (
				C3A9E7B71B38FDC4006D9C68 /* LeaderboardViewController.h */,
				C3A9E7B81B38FDC4006D9C68 /* LeaderboardViewController.m */,
				C345FF901B4FBD5F004C249F /* LeaderboardViewModel.h */,
				C345FF911B4FBD5F004C249F /* LeaderboardViewModel.m */,
			);
			path = LeaderboardViewController;
			sourceTree = "<group>";
		};
		C3BEFDF51B3E1982002930BA /* GameObjects */ = {
			isa = PBXGroup;
			children = (
				C3BEFDFC1B3E1DFC002930BA /* Enemies */,
				C31AACAC1B730F9300299373 /* EnemyOutlines */,
				C34EFBFE1B425CCA0079B6DC /* Effects */,
				C3BEFDF61B3E1997002930BA /* GameObjectFactory.h */,
				C3BEFDF71B3E1997002930BA /* GameObjectFactory.m */,
			);
			path = GameObjects;
			sourceTree = "<group>";
		};
		C3BEFDFC1B3E1DFC002930BA /* Enemies */ = {
			isa = PBXGroup;
			children = (
				C3BEFDFD1B3E1E0A002930BA /* EnemyViewModel.h */,
				C3BEFDFE1B3E1E0A002930BA /* EnemyViewModel.m */,
				C3BEFE001B3E1E1A002930BA /* EnemyView.h */,
				C3BEFE011B3E1E1A002930BA /* EnemyView.m */,
			);
			path = Enemies;
			sourceTree = "<group>";
		};
		C3EA5B7D1B43A1C000376A5F /* Grid */ = {
			isa = PBXGroup;
			children = (
				C3EA5B7E1B43A1C000376A5F /* GridCalculator.h */,
				C3EA5B7F1B43A1C000376A5F /* GridCalculator.m */,
				C3EA5B801B43A1C000376A5F /* GridStorage.h */,
				C3EA5B811B43A1C000376A5F /* GridStorage.m */,
				C3EA5B821B43A1C000376A5F /* GridStorageKeyGenerator.h */,
				C3EA5B831B43A1C000376A5F /* GridStorageKeyGenerator.m */,
			);
			path = Grid;
			sourceTree = "<group>";
		};
		C3F6BDCC1B389B860088D924 = {
			isa = PBXGroup;
			children = (
				C3F6BDD71B389B860088D924 /* BlindWizardApp */,
				C3F6BDF11B389B860088D924 /* BlindWizardAppTests */,
				C3F6BDD61B389B860088D924 /* Products */,
				1A829DB1D62908C854E75663 /* Pods */,
				CE5D98A7B0FE3CFC1A2D09FE /* Frameworks */,
			);
			sourceTree = "<group>";
		};
		C3F6BDD61B389B860088D924 /* Products */ = {
			isa = PBXGroup;
			children = (
				C3F6BDD51B389B860088D924 /* BlindWizardApp.app */,
				C3F6BDEE1B389B860088D924 /* BlindWizardAppTests.xctest */,
			);
			name = Products;
			sourceTree = "<group>";
		};
		C3F6BDD71B389B860088D924 /* BlindWizardApp */ = {
			isa = PBXGroup;
			children = (
				C3F6BE041B38F6490088D924 /* Assemblies */,
				C345FF831B4FAF61004C249F /* Model */,
				C3F8B8181B47B799006A2619 /* Utils */,
				C34F7F5F1B3C990000D07881 /* GameLogic */,
				C3BEFDF51B3E1982002930BA /* GameObjects */,
				C3EA5B7D1B43A1C000376A5F /* Grid */,
				C32C53FD1B503220004CE82E /* Segues */,
				C3F6BE051B38F6490088D924 /* ViewControllers */,
				C3F6BDDC1B389B860088D924 /* AppDelegate.h */,
				C3F6BDDD1B389B860088D924 /* AppDelegate.m */,
				C3F6BDE21B389B860088D924 /* Main.storyboard */,
				C3F6BDE51B389B860088D924 /* Images.xcassets */,
				C3F6BDE71B389B860088D924 /* LaunchScreen.xib */,
				C3F6BDD81B389B860088D924 /* Supporting Files */,
			);
			path = BlindWizardApp;
			sourceTree = "<group>";
		};
		C3F6BDD81B389B860088D924 /* Supporting Files */ = {
			isa = PBXGroup;
			children = (
				C3F6BDD91B389B860088D924 /* Info.plist */,
				C35C2E891B48BBE300FF7944 /* GameConfig.plist */,
				C3F6BDDA1B389B860088D924 /* main.m */,
			);
			name = "Supporting Files";
			sourceTree = "<group>";
		};
		C3F6BDF11B389B860088D924 /* BlindWizardAppTests */ = {
			isa = PBXGroup;
			children = (
				C35032061B4BB1BD00A12F8E /* TestUtils */,
				C3F6BE061B38F6620088D924 /* TitleViewControllerSpec.m */,
				C3F72DA61B3A2C800040909A /* PlayViewControllerSpec.m */,
				C3A3B3281B3BCCBF00ADF11A /* PlayViewModelSpec.m */,
				C3F72DA81B3A312B0040909A /* BoardViewControllerSpec.m */,
				C37B74941B3CF5FF00D22D5E /* BoardViewModelSpec.m */,
				C34EFBFF1B4267980079B6DC /* GameObjectFactorySpec.m */,
				C34EFC011B426EF20079B6DC /* GridStorageSpec.m */,
				C34EFC061B427B350079B6DC /* GridStorageKeyGeneratorSpec.m */,
				C34F7F631B3CA29E00D07881 /* GameSpec.m */,
				C3FE19E01B44BC0200F26152 /* GameFlowSpec.m */,
				C3F8B8211B47C5EF006A2619 /* QueueSpec.m */,
				C35C2E821B4891B400FF7944 /* GameBoardSpec.m */,
				C345FF811B4F967E004C249F /* LoadInitialEnemiesGameActionSpec.m */,
				C3F8B8231B47CFE6006A2619 /* CallNextWaveGameActionSpec.m */,
				C31AACA51B72D71C00299373 /* CreateEnemyOutlinesGameActionSpec.m */,
				C30A9CC71B449BAD00EBBD94 /* RandomGeneratorSpec.m */,
				C35C2E871B48B27500FF7944 /* CheckLoseGameActionSpec.m */,
				C35C2E741B484E1C00FF7944 /* ShiftEnemiesLeftGameActionSpec.m */,
				C35C2E791B48625500FF7944 /* ShiftEnemiesRightGameActionSpec.m */,
				C35C2E7B1B4863ED00FF7944 /* DropEnemiesDownGameActionSpec.m */,
				C35C2E7D1B488E0C00FF7944 /* DestroyEnemyGroupsGameActionSpec.m */,
				C32C540D1B50874F004CE82E /* CheckDangerousGameActionSpec.m */,
				C35C2E8B1B48E13C00FF7944 /* EnemyViewModelSpec.m */,
				C35C2E8D1B48EF1400FF7944 /* EnemyViewSpec.m */,
				C35C2E931B490D7600FF7944 /* GridCalculatorSpec.m */,
				C3EA14021B4CE1900022CE9E /* WaveControllerSpec.m */,
				C345FF761B4F7018004C249F /* ScoreCalculatorSpec.m */,
				C345FF871B4FAF82004C249F /* TopScoresSpec.m */,
				C345FF8C1B4FBA77004C249F /* LeaderboardViewControllerSpec.m */,
				C345FF8E1B4FBC9A004C249F /* LeaderboardViewModel.m */,
				C3F6BDF21B389B860088D924 /* Supporting Files */,
			);
			path = BlindWizardAppTests;
			sourceTree = "<group>";
		};
		C3F6BDF21B389B860088D924 /* Supporting Files */ = {
			isa = PBXGroup;
			children = (
				C3F6BDF31B389B860088D924 /* Info.plist */,
			);
			name = "Supporting Files";
			sourceTree = "<group>";
		};
		C3F6BE041B38F6490088D924 /* Assemblies */ = {
			isa = PBXGroup;
			children = (
				C35031F51B4B4DA700A12F8E /* ViewControllerAssembly.h */,
				C35031F61B4B4DA700A12F8E /* ViewControllerAssembly.m */,
				C35031FB1B4B4F0B00A12F8E /* GameDependencyFactory.h */,
				C35031F81B4B4EF600A12F8E /* GameAssembly.h */,
				C35031F91B4B4EF600A12F8E /* GameAssembly.m */,
				C35032031B4B887400A12F8E /* GameObjectDependencyFactory.h */,
				C35032051B4BA9FD00A12F8E /* GameObjectFactoryFactory.h */,
				C35032001B4B5E3A00A12F8E /* GameObjectAssembly.h */,
				C35032011B4B5E3A00A12F8E /* GameObjectAssembly.m */,
				C35032041B4B8D1C00A12F8E /* GridCalculatorFactory.h */,
				C35031FC1B4B500100A12F8E /* GeneralAssembly.h */,
				C35031FD1B4B500100A12F8E /* GeneralAssembly.m */,
				C345FF891B4FB956004C249F /* ModelAssembly.h */,
				C345FF8A1B4FB956004C249F /* ModelAssembly.m */,
			);
			path = Assemblies;
			sourceTree = "<group>";
		};
		C3F6BE051B38F6490088D924 /* ViewControllers */ = {
			isa = PBXGroup;
			children = (
				C3A9E7B21B38FC35006D9C68 /* TitleViewController */,
				C3A9E7AE1B38FC13006D9C68 /* PlayViewController */,
				C3A3B32A1B3BD06C00ADF11A /* BoardViewController */,
				C3A9E7B61B38FDB6006D9C68 /* LeaderboardViewController */,
			);
			path = ViewControllers;
			sourceTree = "<group>";
		};
		C3F8B7A01B4762E5006A2619 /* GameActions */ = {
			isa = PBXGroup;
			children = (
				C3F8B7A11B4762ED006A2619 /* GameAction.h */,
				C345FF7B1B4F95BA004C249F /* LoadInitialEnemiesGameAction.h */,
				C345FF7C1B4F95BA004C249F /* LoadInitialEnemiesGameAction.m */,
				C3F8B7A41B476449006A2619 /* CallNextWaveGameAction.h */,
				C3F8B7A51B476449006A2619 /* CallNextWaveGameAction.m */,
				C31AACA71B72D74200299373 /* CreateEnemyOutlinesGameAction.h */,
				C31AACA81B72D74200299373 /* CreateEnemyOutlinesGameAction.m */,
				C35C2E841B48B02600FF7944 /* CheckLoseGameAction.h */,
				C35C2E851B48B02600FF7944 /* CheckLoseGameAction.m */,
				C3F8B7AB1B47A351006A2619 /* ShiftEnemiesLeftGameAction.h */,
				C3F8B7AC1B47A351006A2619 /* ShiftEnemiesLeftGameAction.m */,
				C3F8B7AE1B47A3E7006A2619 /* ShiftEnemiesRightGameAction.h */,
				C3F8B7AF1B47A3E7006A2619 /* ShiftEnemiesRightGameAction.m */,
				C35C2E761B4857A900FF7944 /* DropEnemiesDownGameAction.h */,
				C35C2E771B4857AA00FF7944 /* DropEnemiesDownGameAction.m */,
				C35C2E7F1B488EDD00FF7944 /* DestroyEnemyGroupsGameAction.h */,
				C35C2E801B488EDD00FF7944 /* DestroyEnemyGroupsGameAction.m */,
				C32C540A1B508744004CE82E /* CheckDangerousGameAction.h */,
				C32C540B1B508744004CE82E /* CheckDangerousGameAction.m */,
			);
			path = GameActions;
			sourceTree = "<group>";
		};
		C3F8B8181B47B799006A2619 /* Utils */ = {
			isa = PBXGroup;
			children = (
				C3F8B8191B47B7BE006A2619 /* Queue.h */,
				C3F8B81A1B47B7BE006A2619 /* Queue.m */,
				C3F8B81C1B47B7DA006A2619 /* RandomGenerator.h */,
				C3F8B81D1B47B7DA006A2619 /* RandomGenerator.m */,
			);
			path = Utils;
			sourceTree = "<group>";
		};
		CE5D98A7B0FE3CFC1A2D09FE /* Frameworks */ = {
			isa = PBXGroup;
			children = (
				8F66DF0723764B2C29A3CB58 /* libPods-BlindWizardApp.a */,
				2FE3DB190173D277B949EE8E /* libPods-BlindWizardAppTests.a */,
			);
			name = Frameworks;
			sourceTree = "<group>";
		};
/* End PBXGroup section */

/* Begin PBXNativeTarget section */
		C3F6BDD41B389B860088D924 /* BlindWizardApp */ = {
			isa = PBXNativeTarget;
			buildConfigurationList = C3F6BDF81B389B860088D924 /* Build configuration list for PBXNativeTarget "BlindWizardApp" */;
			buildPhases = (
				25BB4804CEDAAABE5E0BECCF /* Check Pods Manifest.lock */,
				C3F6BDD11B389B860088D924 /* Sources */,
				C3F6BDD21B389B860088D924 /* Frameworks */,
				C3F6BDD31B389B860088D924 /* Resources */,
				50191FE4B24CD5EBD6923E32 /* Copy Pods Resources */,
			);
			buildRules = (
			);
			dependencies = (
			);
			name = BlindWizardApp;
			productName = BlindWizardApp;
			productReference = C3F6BDD51B389B860088D924 /* BlindWizardApp.app */;
			productType = "com.apple.product-type.application";
		};
		C3F6BDED1B389B860088D924 /* BlindWizardAppTests */ = {
			isa = PBXNativeTarget;
			buildConfigurationList = C3F6BDFB1B389B860088D924 /* Build configuration list for PBXNativeTarget "BlindWizardAppTests" */;
			buildPhases = (
				CD8F6FF7011FF767B2920256 /* Check Pods Manifest.lock */,
				C3F6BDEA1B389B860088D924 /* Sources */,
				C3F6BDEB1B389B860088D924 /* Frameworks */,
				C3F6BDEC1B389B860088D924 /* Resources */,
				FC6393B90315BB2145E28626 /* Copy Pods Resources */,
			);
			buildRules = (
			);
			dependencies = (
				C3F6BDF01B389B860088D924 /* PBXTargetDependency */,
			);
			name = BlindWizardAppTests;
			productName = BlindWizardAppTests;
			productReference = C3F6BDEE1B389B860088D924 /* BlindWizardAppTests.xctest */;
			productType = "com.apple.product-type.bundle.unit-test";
		};
/* End PBXNativeTarget section */

/* Begin PBXProject section */
		C3F6BDCD1B389B860088D924 /* Project object */ = {
			isa = PBXProject;
			attributes = {
				LastUpgradeCheck = 0610;
				ORGANIZATIONNAME = Adronitis;
				TargetAttributes = {
					C3F6BDD41B389B860088D924 = {
						CreatedOnToolsVersion = 6.1.1;
					};
					C3F6BDED1B389B860088D924 = {
						CreatedOnToolsVersion = 6.1.1;
						TestTargetID = C3F6BDD41B389B860088D924;
					};
				};
			};
			buildConfigurationList = C3F6BDD01B389B860088D924 /* Build configuration list for PBXProject "BlindWizardApp" */;
			compatibilityVersion = "Xcode 3.2";
			developmentRegion = English;
			hasScannedForEncodings = 0;
			knownRegions = (
				en,
				Base,
			);
			mainGroup = C3F6BDCC1B389B860088D924;
			productRefGroup = C3F6BDD61B389B860088D924 /* Products */;
			projectDirPath = "";
			projectRoot = "";
			targets = (
				C3F6BDD41B389B860088D924 /* BlindWizardApp */,
				C3F6BDED1B389B860088D924 /* BlindWizardAppTests */,
			);
		};
/* End PBXProject section */

/* Begin PBXResourcesBuildPhase section */
		C3F6BDD31B389B860088D924 /* Resources */ = {
			isa = PBXResourcesBuildPhase;
			buildActionMask = 2147483647;
			files = (
				C3F6BDE41B389B860088D924 /* Main.storyboard in Resources */,
				C3F6BDE91B389B860088D924 /* LaunchScreen.xib in Resources */,
				C35C2E8A1B48BBE300FF7944 /* GameConfig.plist in Resources */,
				C3F6BDE61B389B860088D924 /* Images.xcassets in Resources */,
			);
			runOnlyForDeploymentPostprocessing = 0;
		};
		C3F6BDEC1B389B860088D924 /* Resources */ = {
			isa = PBXResourcesBuildPhase;
			buildActionMask = 2147483647;
			files = (
			);
			runOnlyForDeploymentPostprocessing = 0;
		};
/* End PBXResourcesBuildPhase section */

/* Begin PBXShellScriptBuildPhase section */
		25BB4804CEDAAABE5E0BECCF /* Check Pods Manifest.lock */ = {
			isa = PBXShellScriptBuildPhase;
			buildActionMask = 2147483647;
			files = (
			);
			inputPaths = (
			);
			name = "Check Pods Manifest.lock";
			outputPaths = (
			);
			runOnlyForDeploymentPostprocessing = 0;
			shellPath = /bin/sh;
			shellScript = "diff \"${PODS_ROOT}/../Podfile.lock\" \"${PODS_ROOT}/Manifest.lock\" > /dev/null\nif [[ $? != 0 ]] ; then\n    cat << EOM\nerror: The sandbox is not in sync with the Podfile.lock. Run 'pod install' or update your CocoaPods installation.\nEOM\n    exit 1\nfi\n";
			showEnvVarsInLog = 0;
		};
		50191FE4B24CD5EBD6923E32 /* Copy Pods Resources */ = {
			isa = PBXShellScriptBuildPhase;
			buildActionMask = 2147483647;
			files = (
			);
			inputPaths = (
			);
			name = "Copy Pods Resources";
			outputPaths = (
			);
			runOnlyForDeploymentPostprocessing = 0;
			shellPath = /bin/sh;
			shellScript = "\"${SRCROOT}/Pods/Target Support Files/Pods-BlindWizardApp/Pods-BlindWizardApp-resources.sh\"\n";
			showEnvVarsInLog = 0;
		};
		CD8F6FF7011FF767B2920256 /* Check Pods Manifest.lock */ = {
			isa = PBXShellScriptBuildPhase;
			buildActionMask = 2147483647;
			files = (
			);
			inputPaths = (
			);
			name = "Check Pods Manifest.lock";
			outputPaths = (
			);
			runOnlyForDeploymentPostprocessing = 0;
			shellPath = /bin/sh;
			shellScript = "diff \"${PODS_ROOT}/../Podfile.lock\" \"${PODS_ROOT}/Manifest.lock\" > /dev/null\nif [[ $? != 0 ]] ; then\n    cat << EOM\nerror: The sandbox is not in sync with the Podfile.lock. Run 'pod install' or update your CocoaPods installation.\nEOM\n    exit 1\nfi\n";
			showEnvVarsInLog = 0;
		};
		FC6393B90315BB2145E28626 /* Copy Pods Resources */ = {
			isa = PBXShellScriptBuildPhase;
			buildActionMask = 2147483647;
			files = (
			);
			inputPaths = (
			);
			name = "Copy Pods Resources";
			outputPaths = (
			);
			runOnlyForDeploymentPostprocessing = 0;
			shellPath = /bin/sh;
			shellScript = "\"${SRCROOT}/Pods/Target Support Files/Pods-BlindWizardAppTests/Pods-BlindWizardAppTests-resources.sh\"\n";
			showEnvVarsInLog = 0;
		};
/* End PBXShellScriptBuildPhase section */

/* Begin PBXSourcesBuildPhase section */
		C3F6BDD11B389B860088D924 /* Sources */ = {
			isa = PBXSourcesBuildPhase;
			buildActionMask = 2147483647;
			files = (
				C31AACB21B73169A00299373 /* EnemyOutlineView.m in Sources */,
				C345FF7A1B4F79B2004C249F /* ScoreCalculator.m in Sources */,
				C345FF921B4FBD5F004C249F /* LeaderboardViewModel.m in Sources */,
				C3A3B3301B3BD84700ADF11A /* PlayViewModel.m in Sources */,
				C34F7F671B3CD28A00D07881 /* BoardViewModel.m in Sources */,
				C32C54001B50323F004CE82E /* SlideLeftSegue.m in Sources */,
				C3A9E7B11B38FC1F006D9C68 /* PlayViewController.m in Sources */,
				C3BEFDFF1B3E1E0A002930BA /* EnemyViewModel.m in Sources */,
				C3F8B7B01B47A3E7006A2619 /* ShiftEnemiesRightGameAction.m in Sources */,
				C35C2E811B488EDD00FF7944 /* DestroyEnemyGroupsGameAction.m in Sources */,
				C3EA5B851B43A1C000376A5F /* GridStorage.m in Sources */,
				C3F8B7AD1B47A351006A2619 /* ShiftEnemiesLeftGameAction.m in Sources */,
				C3A9E7B91B38FDC4006D9C68 /* LeaderboardViewController.m in Sources */,
				C31AACAF1B730FA300299373 /* EnemyOutlineViewModel.m in Sources */,
				C345FF861B4FAF75004C249F /* TopScores.m in Sources */,
				C34F7F621B3C991200D07881 /* Game.m in Sources */,
				C3F8B81E1B47B7DA006A2619 /* RandomGenerator.m in Sources */,
				C3A9E7B51B38FC35006D9C68 /* TitleViewController.m in Sources */,
				C3F8B7AA1B478723006A2619 /* GameBoard.m in Sources */,
				C3A3B32D1B3BD07400ADF11A /* BoardViewController.m in Sources */,
				C3F8B7A61B476449006A2619 /* CallNextWaveGameAction.m in Sources */,
				C3BEFE021B3E1E1A002930BA /* EnemyView.m in Sources */,
				C35C2E861B48B02600FF7944 /* CheckLoseGameAction.m in Sources */,
				C3F6BDDE1B389B860088D924 /* AppDelegate.m in Sources */,
				C35031FA1B4B4EF600A12F8E /* GameAssembly.m in Sources */,
				C35032021B4B5E3A00A12F8E /* GameObjectAssembly.m in Sources */,
				C35C2E781B4857AA00FF7944 /* DropEnemiesDownGameAction.m in Sources */,
				C3EA5B841B43A1C000376A5F /* GridCalculator.m in Sources */,
				C31AACA91B72D74200299373 /* CreateEnemyOutlinesGameAction.m in Sources */,
				C35031F71B4B4DA700A12F8E /* ViewControllerAssembly.m in Sources */,
				C32C540C1B508744004CE82E /* CheckDangerousGameAction.m in Sources */,
				C345FF7D1B4F95BA004C249F /* LoadInitialEnemiesGameAction.m in Sources */,
				C3F8B81B1B47B7BE006A2619 /* Queue.m in Sources */,
				C3F6BDDB1B389B860088D924 /* main.m in Sources */,
				C32C54031B5055EA004CE82E /* SlideRightUnwindSegue.m in Sources */,
				C3BEFDF81B3E1997002930BA /* GameObjectFactory.m in Sources */,
				C3EA5B861B43A1C000376A5F /* GridStorageKeyGenerator.m in Sources */,
				C35031FE1B4B500100A12F8E /* GeneralAssembly.m in Sources */,
				C32C54061B505907004CE82E /* SlideUpSegue.m in Sources */,
				C3EA14061B4CE1F60022CE9E /* WaveController.m in Sources */,
				C3FE19E41B44BC2F00F26152 /* GameFlow.m in Sources */,
				C32C54091B505977004CE82E /* SlideDownUnwindSegue.m in Sources */,
				C345FF8B1B4FB956004C249F /* ModelAssembly.m in Sources */,
			);
			runOnlyForDeploymentPostprocessing = 0;
		};
		C3F6BDEA1B389B860088D924 /* Sources */ = {
			isa = PBXSourcesBuildPhase;
			buildActionMask = 2147483647;
			files = (
				C32C540E1B50874F004CE82E /* CheckDangerousGameActionSpec.m in Sources */,
				C345FF821B4F967E004C249F /* LoadInitialEnemiesGameActionSpec.m in Sources */,
				C3EA14031B4CE1900022CE9E /* WaveControllerSpec.m in Sources */,
				C34EFC001B4267980079B6DC /* GameObjectFactorySpec.m in Sources */,
				C35C2E751B484E1C00FF7944 /* ShiftEnemiesLeftGameActionSpec.m in Sources */,
				C35C2E941B490D7600FF7944 /* GridCalculatorSpec.m in Sources */,
				C35C2E7A1B48625500FF7944 /* ShiftEnemiesRightGameActionSpec.m in Sources */,
				C3F8B8241B47CFE6006A2619 /* CallNextWaveGameActionSpec.m in Sources */,
				C3F72DA91B3A312B0040909A /* BoardViewControllerSpec.m in Sources */,
				C3F6BE071B38F6620088D924 /* TitleViewControllerSpec.m in Sources */,
				C35C2E7E1B488E0C00FF7944 /* DestroyEnemyGroupsGameActionSpec.m in Sources */,
				C350320C1B4BB1BD00A12F8E /* UIViewController+TestSegue.m in Sources */,
				C34EFC071B427B350079B6DC /* GridStorageKeyGeneratorSpec.m in Sources */,
				C3F8B8221B47C5EF006A2619 /* QueueSpec.m in Sources */,
				C3A3B3291B3BCCBF00ADF11A /* PlayViewModelSpec.m in Sources */,
				C3FE19E11B44BC0200F26152 /* GameFlowSpec.m in Sources */,
				C345FF881B4FAF82004C249F /* TopScoresSpec.m in Sources */,
				C34EFC021B426EF20079B6DC /* GridStorageSpec.m in Sources */,
				C34F7F641B3CA29E00D07881 /* GameSpec.m in Sources */,
				C345FF8D1B4FBA77004C249F /* LeaderboardViewControllerSpec.m in Sources */,
				C37B74951B3CF5FF00D22D5E /* BoardViewModelSpec.m in Sources */,
				C35C2E881B48B27500FF7944 /* CheckLoseGameActionSpec.m in Sources */,
				C31AACA61B72D71C00299373 /* CreateEnemyOutlinesGameActionSpec.m in Sources */,
				C30A9CC81B449BAD00EBBD94 /* RandomGeneratorSpec.m in Sources */,
				C35C2E8E1B48EF1400FF7944 /* EnemyViewSpec.m in Sources */,
				C350320B1B4BB1BD00A12F8E /* NSObject+MTKTest.m in Sources */,
				C3F72DA71B3A2C800040909A /* PlayViewControllerSpec.m in Sources */,
				C35C2E831B4891B400FF7944 /* GameBoardSpec.m in Sources */,
				C345FF8F1B4FBC9A004C249F /* LeaderboardViewModel.m in Sources */,
				C345FF771B4F7018004C249F /* ScoreCalculatorSpec.m in Sources */,
				C35C2E8C1B48E13C00FF7944 /* EnemyViewModelSpec.m in Sources */,
				C35C2E7C1B4863ED00FF7944 /* DropEnemiesDownGameActionSpec.m in Sources */,
			);
			runOnlyForDeploymentPostprocessing = 0;
		};
/* End PBXSourcesBuildPhase section */

/* Begin PBXTargetDependency section */
		C3F6BDF01B389B860088D924 /* PBXTargetDependency */ = {
			isa = PBXTargetDependency;
			target = C3F6BDD41B389B860088D924 /* BlindWizardApp */;
			targetProxy = C3F6BDEF1B389B860088D924 /* PBXContainerItemProxy */;
		};
/* End PBXTargetDependency section */

/* Begin PBXVariantGroup section */
		C3F6BDE21B389B860088D924 /* Main.storyboard */ = {
			isa = PBXVariantGroup;
			children = (
				C3F6BDE31B389B860088D924 /* Base */,
			);
			name = Main.storyboard;
			sourceTree = "<group>";
		};
		C3F6BDE71B389B860088D924 /* LaunchScreen.xib */ = {
			isa = PBXVariantGroup;
			children = (
				C3F6BDE81B389B860088D924 /* Base */,
			);
			name = LaunchScreen.xib;
			sourceTree = "<group>";
		};
/* End PBXVariantGroup section */

/* Begin XCBuildConfiguration section */
		C3F6BDF61B389B860088D924 /* Debug */ = {
			isa = XCBuildConfiguration;
			buildSettings = {
				ALWAYS_SEARCH_USER_PATHS = NO;
				CLANG_CXX_LANGUAGE_STANDARD = "gnu++0x";
				CLANG_CXX_LIBRARY = "libc++";
				CLANG_ENABLE_MODULES = YES;
				CLANG_ENABLE_OBJC_ARC = YES;
				CLANG_WARN_BOOL_CONVERSION = YES;
				CLANG_WARN_CONSTANT_CONVERSION = YES;
				CLANG_WARN_DIRECT_OBJC_ISA_USAGE = YES_ERROR;
				CLANG_WARN_EMPTY_BODY = YES;
				CLANG_WARN_ENUM_CONVERSION = YES;
				CLANG_WARN_INT_CONVERSION = YES;
				CLANG_WARN_OBJC_ROOT_CLASS = YES_ERROR;
				CLANG_WARN_UNREACHABLE_CODE = YES;
				CLANG_WARN__DUPLICATE_METHOD_MATCH = YES;
				"CODE_SIGN_IDENTITY[sdk=iphoneos*]" = "iPhone Developer";
				COPY_PHASE_STRIP = NO;
				ENABLE_STRICT_OBJC_MSGSEND = YES;
				GCC_C_LANGUAGE_STANDARD = gnu99;
				GCC_DYNAMIC_NO_PIC = NO;
				GCC_OPTIMIZATION_LEVEL = 0;
				GCC_PREPROCESSOR_DEFINITIONS = (
					"DEBUG=1",
					"$(inherited)",
				);
				GCC_SYMBOLS_PRIVATE_EXTERN = NO;
				GCC_WARN_64_TO_32_BIT_CONVERSION = YES;
				GCC_WARN_ABOUT_RETURN_TYPE = YES_ERROR;
				GCC_WARN_UNDECLARED_SELECTOR = YES;
				GCC_WARN_UNINITIALIZED_AUTOS = YES_AGGRESSIVE;
				GCC_WARN_UNUSED_FUNCTION = YES;
				GCC_WARN_UNUSED_VARIABLE = YES;
				IPHONEOS_DEPLOYMENT_TARGET = 8.1;
				MTL_ENABLE_DEBUG_INFO = YES;
				ONLY_ACTIVE_ARCH = YES;
				SDKROOT = iphoneos;
			};
			name = Debug;
		};
		C3F6BDF71B389B860088D924 /* Release */ = {
			isa = XCBuildConfiguration;
			buildSettings = {
				ALWAYS_SEARCH_USER_PATHS = NO;
				CLANG_CXX_LANGUAGE_STANDARD = "gnu++0x";
				CLANG_CXX_LIBRARY = "libc++";
				CLANG_ENABLE_MODULES = YES;
				CLANG_ENABLE_OBJC_ARC = YES;
				CLANG_WARN_BOOL_CONVERSION = YES;
				CLANG_WARN_CONSTANT_CONVERSION = YES;
				CLANG_WARN_DIRECT_OBJC_ISA_USAGE = YES_ERROR;
				CLANG_WARN_EMPTY_BODY = YES;
				CLANG_WARN_ENUM_CONVERSION = YES;
				CLANG_WARN_INT_CONVERSION = YES;
				CLANG_WARN_OBJC_ROOT_CLASS = YES_ERROR;
				CLANG_WARN_UNREACHABLE_CODE = YES;
				CLANG_WARN__DUPLICATE_METHOD_MATCH = YES;
				"CODE_SIGN_IDENTITY[sdk=iphoneos*]" = "iPhone Developer";
				COPY_PHASE_STRIP = YES;
				ENABLE_NS_ASSERTIONS = NO;
				ENABLE_STRICT_OBJC_MSGSEND = YES;
				GCC_C_LANGUAGE_STANDARD = gnu99;
				GCC_WARN_64_TO_32_BIT_CONVERSION = YES;
				GCC_WARN_ABOUT_RETURN_TYPE = YES_ERROR;
				GCC_WARN_UNDECLARED_SELECTOR = YES;
				GCC_WARN_UNINITIALIZED_AUTOS = YES_AGGRESSIVE;
				GCC_WARN_UNUSED_FUNCTION = YES;
				GCC_WARN_UNUSED_VARIABLE = YES;
				IPHONEOS_DEPLOYMENT_TARGET = 8.1;
				MTL_ENABLE_DEBUG_INFO = NO;
				SDKROOT = iphoneos;
				VALIDATE_PRODUCT = YES;
			};
			name = Release;
		};
		C3F6BDF91B389B860088D924 /* Debug */ = {
			isa = XCBuildConfiguration;
			baseConfigurationReference = A4C82791F95AB8508FB957CA /* Pods-BlindWizardApp.debug.xcconfig */;
			buildSettings = {
				ASSETCATALOG_COMPILER_APPICON_NAME = AppIcon;
				INFOPLIST_FILE = BlindWizardApp/Info.plist;
				IPHONEOS_DEPLOYMENT_TARGET = 8.0;
				LD_RUNPATH_SEARCH_PATHS = "$(inherited) @executable_path/Frameworks";
				PRODUCT_NAME = "$(TARGET_NAME)";
				TARGETED_DEVICE_FAMILY = 1;
			};
			name = Debug;
		};
		C3F6BDFA1B389B860088D924 /* Release */ = {
			isa = XCBuildConfiguration;
			baseConfigurationReference = 694F5E0C5133767B47BE7698 /* Pods-BlindWizardApp.release.xcconfig */;
			buildSettings = {
				ASSETCATALOG_COMPILER_APPICON_NAME = AppIcon;
				INFOPLIST_FILE = BlindWizardApp/Info.plist;
				IPHONEOS_DEPLOYMENT_TARGET = 8.0;
				LD_RUNPATH_SEARCH_PATHS = "$(inherited) @executable_path/Frameworks";
				PRODUCT_NAME = "$(TARGET_NAME)";
				TARGETED_DEVICE_FAMILY = 1;
			};
			name = Release;
		};
		C3F6BDFC1B389B860088D924 /* Debug */ = {
			isa = XCBuildConfiguration;
			baseConfigurationReference = 3C3EAA76789237AA3C2635A2 /* Pods-BlindWizardAppTests.debug.xcconfig */;
			buildSettings = {
				BUNDLE_LOADER = "$(TEST_HOST)";
				FRAMEWORK_SEARCH_PATHS = (
					"$(SDKROOT)/Developer/Library/Frameworks",
					"$(inherited)",
				);
				GCC_PREPROCESSOR_DEFINITIONS = (
					"DEBUG=1",
					"$(inherited)",
				);
				INFOPLIST_FILE = BlindWizardAppTests/Info.plist;
				LD_RUNPATH_SEARCH_PATHS = "$(inherited) @executable_path/Frameworks @loader_path/Frameworks";
				PRODUCT_NAME = "$(TARGET_NAME)";
				TEST_HOST = "$(BUILT_PRODUCTS_DIR)/BlindWizardApp.app/BlindWizardApp";
			};
			name = Debug;
		};
		C3F6BDFD1B389B860088D924 /* Release */ = {
			isa = XCBuildConfiguration;
			baseConfigurationReference = C0BC9E0C707035A355E75B87 /* Pods-BlindWizardAppTests.release.xcconfig */;
			buildSettings = {
				BUNDLE_LOADER = "$(TEST_HOST)";
				FRAMEWORK_SEARCH_PATHS = (
					"$(SDKROOT)/Developer/Library/Frameworks",
					"$(inherited)",
				);
				INFOPLIST_FILE = BlindWizardAppTests/Info.plist;
				LD_RUNPATH_SEARCH_PATHS = "$(inherited) @executable_path/Frameworks @loader_path/Frameworks";
				PRODUCT_NAME = "$(TARGET_NAME)";
				TEST_HOST = "$(BUILT_PRODUCTS_DIR)/BlindWizardApp.app/BlindWizardApp";
			};
			name = Release;
		};
/* End XCBuildConfiguration section */

/* Begin XCConfigurationList section */
		C3F6BDD01B389B860088D924 /* Build configuration list for PBXProject "BlindWizardApp" */ = {
			isa = XCConfigurationList;
			buildConfigurations = (
				C3F6BDF61B389B860088D924 /* Debug */,
				C3F6BDF71B389B860088D924 /* Release */,
			);
			defaultConfigurationIsVisible = 0;
			defaultConfigurationName = Release;
		};
		C3F6BDF81B389B860088D924 /* Build configuration list for PBXNativeTarget "BlindWizardApp" */ = {
			isa = XCConfigurationList;
			buildConfigurations = (
				C3F6BDF91B389B860088D924 /* Debug */,
				C3F6BDFA1B389B860088D924 /* Release */,
			);
			defaultConfigurationIsVisible = 0;
			defaultConfigurationName = Release;
		};
		C3F6BDFB1B389B860088D924 /* Build configuration list for PBXNativeTarget "BlindWizardAppTests" */ = {
			isa = XCConfigurationList;
			buildConfigurations = (
				C3F6BDFC1B389B860088D924 /* Debug */,
				C3F6BDFD1B389B860088D924 /* Release */,
			);
			defaultConfigurationIsVisible = 0;
			defaultConfigurationName = Release;
		};
/* End XCConfigurationList section */
	};
	rootObject = C3F6BDCD1B389B860088D924 /* Project object */;
}
