// !$*UTF8*$!
{
	archiveVersion = 1;
	classes = {
	};
	objectVersion = 46;
	objects = {

/* Begin PBXBuildFile section */
		7FAB24D207C69E0B81926A2F /* libPods-BlindWizardApp.a in Frameworks */ = {isa = PBXBuildFile; fileRef = 8F66DF0723764B2C29A3CB58 /* libPods-BlindWizardApp.a */; };
		C34EFBFD1B4239810079B6DC /* GridStorage.m in Sources */ = {isa = PBXBuildFile; fileRef = C34EFBFC1B4239810079B6DC /* GridStorage.m */; };
		C34F7F621B3C991200D07881 /* Game.m in Sources */ = {isa = PBXBuildFile; fileRef = C34F7F611B3C991200D07881 /* Game.m */; };
		C34F7F641B3CA29E00D07881 /* GameSpec.m in Sources */ = {isa = PBXBuildFile; fileRef = C34F7F631B3CA29E00D07881 /* GameSpec.m */; };
		C34F7F671B3CD28A00D07881 /* BoardViewModel.m in Sources */ = {isa = PBXBuildFile; fileRef = C34F7F661B3CD28A00D07881 /* BoardViewModel.m */; };
		C37B74951B3CF5FF00D22D5E /* BoardViewModelSpec.m in Sources */ = {isa = PBXBuildFile; fileRef = C37B74941B3CF5FF00D22D5E /* BoardViewModelSpec.m */; };
		C3A3B3291B3BCCBF00ADF11A /* PlayViewModelSpec.m in Sources */ = {isa = PBXBuildFile; fileRef = C3A3B3281B3BCCBF00ADF11A /* PlayViewModelSpec.m */; };
		C3A3B32D1B3BD07400ADF11A /* BoardViewController.m in Sources */ = {isa = PBXBuildFile; fileRef = C3A3B32C1B3BD07400ADF11A /* BoardViewController.m */; };
		C3A3B3301B3BD84700ADF11A /* PlayViewModel.m in Sources */ = {isa = PBXBuildFile; fileRef = C3A3B32F1B3BD84700ADF11A /* PlayViewModel.m */; };
		C3A9E7B11B38FC1F006D9C68 /* PlayViewController.m in Sources */ = {isa = PBXBuildFile; fileRef = C3A9E7B01B38FC1F006D9C68 /* PlayViewController.m */; };
		C3A9E7B51B38FC35006D9C68 /* TitleViewController.m in Sources */ = {isa = PBXBuildFile; fileRef = C3A9E7B41B38FC35006D9C68 /* TitleViewController.m */; };
		C3A9E7B91B38FDC4006D9C68 /* LeaderboardViewController.m in Sources */ = {isa = PBXBuildFile; fileRef = C3A9E7B81B38FDC4006D9C68 /* LeaderboardViewController.m */; };
		C3BEFDF81B3E1997002930BA /* GameFactory.m in Sources */ = {isa = PBXBuildFile; fileRef = C3BEFDF71B3E1997002930BA /* GameFactory.m */; };
		C3BEFDFF1B3E1E0A002930BA /* EnemyViewModel.m in Sources */ = {isa = PBXBuildFile; fileRef = C3BEFDFE1B3E1E0A002930BA /* EnemyViewModel.m */; };
		C3BEFE021B3E1E1A002930BA /* EnemyView.m in Sources */ = {isa = PBXBuildFile; fileRef = C3BEFE011B3E1E1A002930BA /* EnemyView.m */; };
		C3E313811B3E141800ADB0AB /* GridCalculator.m in Sources */ = {isa = PBXBuildFile; fileRef = C3E313801B3E141800ADB0AB /* GridCalculator.m */; };
		C3F6BDDB1B389B860088D924 /* main.m in Sources */ = {isa = PBXBuildFile; fileRef = C3F6BDDA1B389B860088D924 /* main.m */; };
		C3F6BDDE1B389B860088D924 /* AppDelegate.m in Sources */ = {isa = PBXBuildFile; fileRef = C3F6BDDD1B389B860088D924 /* AppDelegate.m */; };
		C3F6BDE41B389B860088D924 /* Main.storyboard in Resources */ = {isa = PBXBuildFile; fileRef = C3F6BDE21B389B860088D924 /* Main.storyboard */; };
		C3F6BDE61B389B860088D924 /* Images.xcassets in Resources */ = {isa = PBXBuildFile; fileRef = C3F6BDE51B389B860088D924 /* Images.xcassets */; };
		C3F6BDE91B389B860088D924 /* LaunchScreen.xib in Resources */ = {isa = PBXBuildFile; fileRef = C3F6BDE71B389B860088D924 /* LaunchScreen.xib */; };
		C3F6BE021B389C1B0088D924 /* NSObject+MTKTest.m in Sources */ = {isa = PBXBuildFile; fileRef = C3F6BDFF1B389C1B0088D924 /* NSObject+MTKTest.m */; };
		C3F6BE031B389C1B0088D924 /* UIViewController+TestSegue.m in Sources */ = {isa = PBXBuildFile; fileRef = C3F6BE011B389C1B0088D924 /* UIViewController+TestSegue.m */; };
		C3F6BE071B38F6620088D924 /* TitleViewControllerSpec.m in Sources */ = {isa = PBXBuildFile; fileRef = C3F6BE061B38F6620088D924 /* TitleViewControllerSpec.m */; };
		C3F72DA71B3A2C800040909A /* PlayViewControllerSpec.m in Sources */ = {isa = PBXBuildFile; fileRef = C3F72DA61B3A2C800040909A /* PlayViewControllerSpec.m */; };
		C3F72DA91B3A312B0040909A /* BoardViewControllerSpec.m in Sources */ = {isa = PBXBuildFile; fileRef = C3F72DA81B3A312B0040909A /* BoardViewControllerSpec.m */; };
		DFD95E0BAFD8372FD963D424 /* libPods-BlindWizardAppTests.a in Frameworks */ = {isa = PBXBuildFile; fileRef = 2FE3DB190173D277B949EE8E /* libPods-BlindWizardAppTests.a */; };
/* End PBXBuildFile section */

/* Begin PBXContainerItemProxy section */
		C3F6BDEF1B389B860088D924 /* PBXContainerItemProxy */ = {
			isa = PBXContainerItemProxy;
			containerPortal = C3F6BDCD1B389B860088D924 /* Project object */;
			proxyType = 1;
			remoteGlobalIDString = C3F6BDD41B389B860088D924;
			remoteInfo = BlindWizardApp;
		};
/* End PBXContainerItemProxy section */

/* Begin PBXFileReference section */
		2FE3DB190173D277B949EE8E /* libPods-BlindWizardAppTests.a */ = {isa = PBXFileReference; explicitFileType = archive.ar; includeInIndex = 0; path = "libPods-BlindWizardAppTests.a"; sourceTree = BUILT_PRODUCTS_DIR; };
		3C3EAA76789237AA3C2635A2 /* Pods-BlindWizardAppTests.debug.xcconfig */ = {isa = PBXFileReference; includeInIndex = 1; lastKnownFileType = text.xcconfig; name = "Pods-BlindWizardAppTests.debug.xcconfig"; path = "Pods/Target Support Files/Pods-BlindWizardAppTests/Pods-BlindWizardAppTests.debug.xcconfig"; sourceTree = "<group>"; };
		694F5E0C5133767B47BE7698 /* Pods-BlindWizardApp.release.xcconfig */ = {isa = PBXFileReference; includeInIndex = 1; lastKnownFileType = text.xcconfig; name = "Pods-BlindWizardApp.release.xcconfig"; path = "Pods/Target Support Files/Pods-BlindWizardApp/Pods-BlindWizardApp.release.xcconfig"; sourceTree = "<group>"; };
		8F66DF0723764B2C29A3CB58 /* libPods-BlindWizardApp.a */ = {isa = PBXFileReference; explicitFileType = archive.ar; includeInIndex = 0; path = "libPods-BlindWizardApp.a"; sourceTree = BUILT_PRODUCTS_DIR; };
		A4C82791F95AB8508FB957CA /* Pods-BlindWizardApp.debug.xcconfig */ = {isa = PBXFileReference; includeInIndex = 1; lastKnownFileType = text.xcconfig; name = "Pods-BlindWizardApp.debug.xcconfig"; path = "Pods/Target Support Files/Pods-BlindWizardApp/Pods-BlindWizardApp.debug.xcconfig"; sourceTree = "<group>"; };
		C0BC9E0C707035A355E75B87 /* Pods-BlindWizardAppTests.release.xcconfig */ = {isa = PBXFileReference; includeInIndex = 1; lastKnownFileType = text.xcconfig; name = "Pods-BlindWizardAppTests.release.xcconfig"; path = "Pods/Target Support Files/Pods-BlindWizardAppTests/Pods-BlindWizardAppTests.release.xcconfig"; sourceTree = "<group>"; };
		C34EFBFB1B4239810079B6DC /* GridStorage.h */ = {isa = PBXFileReference; fileEncoding = 4; lastKnownFileType = sourcecode.c.h; path = GridStorage.h; sourceTree = "<group>"; };
		C34EFBFC1B4239810079B6DC /* GridStorage.m */ = {isa = PBXFileReference; fileEncoding = 4; lastKnownFileType = sourcecode.c.objc; path = GridStorage.m; sourceTree = "<group>"; };
		C34F7F601B3C991200D07881 /* Game.h */ = {isa = PBXFileReference; fileEncoding = 4; lastKnownFileType = sourcecode.c.h; path = Game.h; sourceTree = "<group>"; };
		C34F7F611B3C991200D07881 /* Game.m */ = {isa = PBXFileReference; fileEncoding = 4; lastKnownFileType = sourcecode.c.objc; path = Game.m; sourceTree = "<group>"; };
		C34F7F631B3CA29E00D07881 /* GameSpec.m */ = {isa = PBXFileReference; fileEncoding = 4; lastKnownFileType = sourcecode.c.objc; path = GameSpec.m; sourceTree = "<group>"; };
		C34F7F651B3CD28A00D07881 /* BoardViewModel.h */ = {isa = PBXFileReference; fileEncoding = 4; lastKnownFileType = sourcecode.c.h; path = BoardViewModel.h; sourceTree = "<group>"; };
		C34F7F661B3CD28A00D07881 /* BoardViewModel.m */ = {isa = PBXFileReference; fileEncoding = 4; lastKnownFileType = sourcecode.c.objc; path = BoardViewModel.m; sourceTree = "<group>"; };
		C37B74941B3CF5FF00D22D5E /* BoardViewModelSpec.m */ = {isa = PBXFileReference; fileEncoding = 4; lastKnownFileType = sourcecode.c.objc; path = BoardViewModelSpec.m; sourceTree = "<group>"; };
		C3A3B3281B3BCCBF00ADF11A /* PlayViewModelSpec.m */ = {isa = PBXFileReference; fileEncoding = 4; lastKnownFileType = sourcecode.c.objc; path = PlayViewModelSpec.m; sourceTree = "<group>"; };
		C3A3B32B1B3BD07400ADF11A /* BoardViewController.h */ = {isa = PBXFileReference; fileEncoding = 4; lastKnownFileType = sourcecode.c.h; path = BoardViewController.h; sourceTree = "<group>"; };
		C3A3B32C1B3BD07400ADF11A /* BoardViewController.m */ = {isa = PBXFileReference; fileEncoding = 4; lastKnownFileType = sourcecode.c.objc; path = BoardViewController.m; sourceTree = "<group>"; };
		C3A3B32E1B3BD84700ADF11A /* PlayViewModel.h */ = {isa = PBXFileReference; fileEncoding = 4; lastKnownFileType = sourcecode.c.h; path = PlayViewModel.h; sourceTree = "<group>"; };
		C3A3B32F1B3BD84700ADF11A /* PlayViewModel.m */ = {isa = PBXFileReference; fileEncoding = 4; lastKnownFileType = sourcecode.c.objc; path = PlayViewModel.m; sourceTree = "<group>"; };
		C3A9E7AF1B38FC1F006D9C68 /* PlayViewController.h */ = {isa = PBXFileReference; fileEncoding = 4; lastKnownFileType = sourcecode.c.h; path = PlayViewController.h; sourceTree = "<group>"; };
		C3A9E7B01B38FC1F006D9C68 /* PlayViewController.m */ = {isa = PBXFileReference; fileEncoding = 4; lastKnownFileType = sourcecode.c.objc; path = PlayViewController.m; sourceTree = "<group>"; };
		C3A9E7B31B38FC35006D9C68 /* TitleViewController.h */ = {isa = PBXFileReference; fileEncoding = 4; lastKnownFileType = sourcecode.c.h; path = TitleViewController.h; sourceTree = "<group>"; };
		C3A9E7B41B38FC35006D9C68 /* TitleViewController.m */ = {isa = PBXFileReference; fileEncoding = 4; lastKnownFileType = sourcecode.c.objc; path = TitleViewController.m; sourceTree = "<group>"; };
		C3A9E7B71B38FDC4006D9C68 /* LeaderboardViewController.h */ = {isa = PBXFileReference; fileEncoding = 4; lastKnownFileType = sourcecode.c.h; path = LeaderboardViewController.h; sourceTree = "<group>"; };
		C3A9E7B81B38FDC4006D9C68 /* LeaderboardViewController.m */ = {isa = PBXFileReference; fileEncoding = 4; lastKnownFileType = sourcecode.c.objc; path = LeaderboardViewController.m; sourceTree = "<group>"; };
		C3BEFDF61B3E1997002930BA /* GameFactory.h */ = {isa = PBXFileReference; fileEncoding = 4; lastKnownFileType = sourcecode.c.h; path = GameFactory.h; sourceTree = "<group>"; };
		C3BEFDF71B3E1997002930BA /* GameFactory.m */ = {isa = PBXFileReference; fileEncoding = 4; lastKnownFileType = sourcecode.c.objc; path = GameFactory.m; sourceTree = "<group>"; };
		C3BEFDFD1B3E1E0A002930BA /* EnemyViewModel.h */ = {isa = PBXFileReference; fileEncoding = 4; lastKnownFileType = sourcecode.c.h; path = EnemyViewModel.h; sourceTree = "<group>"; };
		C3BEFDFE1B3E1E0A002930BA /* EnemyViewModel.m */ = {isa = PBXFileReference; fileEncoding = 4; lastKnownFileType = sourcecode.c.objc; path = EnemyViewModel.m; sourceTree = "<group>"; };
		C3BEFE001B3E1E1A002930BA /* EnemyView.h */ = {isa = PBXFileReference; fileEncoding = 4; lastKnownFileType = sourcecode.c.h; path = EnemyView.h; sourceTree = "<group>"; };
		C3BEFE011B3E1E1A002930BA /* EnemyView.m */ = {isa = PBXFileReference; fileEncoding = 4; lastKnownFileType = sourcecode.c.objc; path = EnemyView.m; sourceTree = "<group>"; };
		C3E3137F1B3E141800ADB0AB /* GridCalculator.h */ = {isa = PBXFileReference; fileEncoding = 4; lastKnownFileType = sourcecode.c.h; path = GridCalculator.h; sourceTree = "<group>"; };
		C3E313801B3E141800ADB0AB /* GridCalculator.m */ = {isa = PBXFileReference; fileEncoding = 4; lastKnownFileType = sourcecode.c.objc; path = GridCalculator.m; sourceTree = "<group>"; };
		C3F6BDD51B389B860088D924 /* BlindWizardApp.app */ = {isa = PBXFileReference; explicitFileType = wrapper.application; includeInIndex = 0; path = BlindWizardApp.app; sourceTree = BUILT_PRODUCTS_DIR; };
		C3F6BDD91B389B860088D924 /* Info.plist */ = {isa = PBXFileReference; lastKnownFileType = text.plist.xml; path = Info.plist; sourceTree = "<group>"; };
		C3F6BDDA1B389B860088D924 /* main.m */ = {isa = PBXFileReference; lastKnownFileType = sourcecode.c.objc; path = main.m; sourceTree = "<group>"; };
		C3F6BDDC1B389B860088D924 /* AppDelegate.h */ = {isa = PBXFileReference; lastKnownFileType = sourcecode.c.h; path = AppDelegate.h; sourceTree = "<group>"; };
		C3F6BDDD1B389B860088D924 /* AppDelegate.m */ = {isa = PBXFileReference; lastKnownFileType = sourcecode.c.objc; path = AppDelegate.m; sourceTree = "<group>"; };
		C3F6BDE31B389B860088D924 /* Base */ = {isa = PBXFileReference; lastKnownFileType = file.storyboard; name = Base; path = Base.lproj/Main.storyboard; sourceTree = "<group>"; };
		C3F6BDE51B389B860088D924 /* Images.xcassets */ = {isa = PBXFileReference; lastKnownFileType = folder.assetcatalog; path = Images.xcassets; sourceTree = "<group>"; };
		C3F6BDE81B389B860088D924 /* Base */ = {isa = PBXFileReference; lastKnownFileType = file.xib; name = Base; path = Base.lproj/LaunchScreen.xib; sourceTree = "<group>"; };
		C3F6BDEE1B389B860088D924 /* BlindWizardAppTests.xctest */ = {isa = PBXFileReference; explicitFileType = wrapper.cfbundle; includeInIndex = 0; path = BlindWizardAppTests.xctest; sourceTree = BUILT_PRODUCTS_DIR; };
		C3F6BDF31B389B860088D924 /* Info.plist */ = {isa = PBXFileReference; lastKnownFileType = text.plist.xml; path = Info.plist; sourceTree = "<group>"; };
		C3F6BDFE1B389C1B0088D924 /* NSObject+MTKTest.h */ = {isa = PBXFileReference; fileEncoding = 4; lastKnownFileType = sourcecode.c.h; path = "NSObject+MTKTest.h"; sourceTree = "<group>"; };
		C3F6BDFF1B389C1B0088D924 /* NSObject+MTKTest.m */ = {isa = PBXFileReference; fileEncoding = 4; lastKnownFileType = sourcecode.c.objc; path = "NSObject+MTKTest.m"; sourceTree = "<group>"; };
		C3F6BE001B389C1B0088D924 /* UIViewController+TestSegue.h */ = {isa = PBXFileReference; fileEncoding = 4; lastKnownFileType = sourcecode.c.h; path = "UIViewController+TestSegue.h"; sourceTree = "<group>"; };
		C3F6BE011B389C1B0088D924 /* UIViewController+TestSegue.m */ = {isa = PBXFileReference; fileEncoding = 4; lastKnownFileType = sourcecode.c.objc; path = "UIViewController+TestSegue.m"; sourceTree = "<group>"; };
		C3F6BE061B38F6620088D924 /* TitleViewControllerSpec.m */ = {isa = PBXFileReference; fileEncoding = 4; lastKnownFileType = sourcecode.c.objc; path = TitleViewControllerSpec.m; sourceTree = "<group>"; };
		C3F72DA61B3A2C800040909A /* PlayViewControllerSpec.m */ = {isa = PBXFileReference; fileEncoding = 4; lastKnownFileType = sourcecode.c.objc; path = PlayViewControllerSpec.m; sourceTree = "<group>"; };
		C3F72DA81B3A312B0040909A /* BoardViewControllerSpec.m */ = {isa = PBXFileReference; fileEncoding = 4; lastKnownFileType = sourcecode.c.objc; path = BoardViewControllerSpec.m; sourceTree = "<group>"; };
/* End PBXFileReference section */

/* Begin PBXFrameworksBuildPhase section */
		C3F6BDD21B389B860088D924 /* Frameworks */ = {
			isa = PBXFrameworksBuildPhase;
			buildActionMask = 2147483647;
			files = (
				7FAB24D207C69E0B81926A2F /* libPods-BlindWizardApp.a in Frameworks */,
			);
			runOnlyForDeploymentPostprocessing = 0;
		};
		C3F6BDEB1B389B860088D924 /* Frameworks */ = {
			isa = PBXFrameworksBuildPhase;
			buildActionMask = 2147483647;
			files = (
				DFD95E0BAFD8372FD963D424 /* libPods-BlindWizardAppTests.a in Frameworks */,
			);
			runOnlyForDeploymentPostprocessing = 0;
		};
/* End PBXFrameworksBuildPhase section */

/* Begin PBXGroup section */
		1A829DB1D62908C854E75663 /* Pods */ = {
			isa = PBXGroup;
			children = (
				A4C82791F95AB8508FB957CA /* Pods-BlindWizardApp.debug.xcconfig */,
				694F5E0C5133767B47BE7698 /* Pods-BlindWizardApp.release.xcconfig */,
				3C3EAA76789237AA3C2635A2 /* Pods-BlindWizardAppTests.debug.xcconfig */,
				C0BC9E0C707035A355E75B87 /* Pods-BlindWizardAppTests.release.xcconfig */,
			);
			name = Pods;
			sourceTree = "<group>";
		};
		C34EFBFE1B425CCA0079B6DC /* Effects */ = {
			isa = PBXGroup;
			children = (
			);
			path = Effects;
			sourceTree = "<group>";
		};
		C34F7F5F1B3C990000D07881 /* GameLogic */ = {
			isa = PBXGroup;
			children = (
				C34F7F601B3C991200D07881 /* Game.h */,
				C34F7F611B3C991200D07881 /* Game.m */,
				C3E3137F1B3E141800ADB0AB /* GridCalculator.h */,
				C3E313801B3E141800ADB0AB /* GridCalculator.m */,
			);
			path = GameLogic;
			sourceTree = "<group>";
		};
		C3A3B32A1B3BD06C00ADF11A /* BoardViewController */ = {
			isa = PBXGroup;
			children = (
				C3A3B32B1B3BD07400ADF11A /* BoardViewController.h */,
				C3A3B32C1B3BD07400ADF11A /* BoardViewController.m */,
				C34F7F651B3CD28A00D07881 /* BoardViewModel.h */,
				C34F7F661B3CD28A00D07881 /* BoardViewModel.m */,
			);
			path = BoardViewController;
			sourceTree = "<group>";
		};
		C3A9E7AE1B38FC13006D9C68 /* PlayViewController */ = {
			isa = PBXGroup;
			children = (
				C3A9E7AF1B38FC1F006D9C68 /* PlayViewController.h */,
				C3A9E7B01B38FC1F006D9C68 /* PlayViewController.m */,
				C3A3B32E1B3BD84700ADF11A /* PlayViewModel.h */,
				C3A3B32F1B3BD84700ADF11A /* PlayViewModel.m */,
			);
			path = PlayViewController;
			sourceTree = "<group>";
		};
		C3A9E7B21B38FC35006D9C68 /* TitleViewController */ = {
			isa = PBXGroup;
			children = (
				C3A9E7B31B38FC35006D9C68 /* TitleViewController.h */,
				C3A9E7B41B38FC35006D9C68 /* TitleViewController.m */,
			);
			path = TitleViewController;
			sourceTree = "<group>";
		};
		C3A9E7B61B38FDB6006D9C68 /* LeaderboardViewController */ = {
			isa = PBXGroup;
			children = (
				C3A9E7B71B38FDC4006D9C68 /* LeaderboardViewController.h */,
				C3A9E7B81B38FDC4006D9C68 /* LeaderboardViewController.m */,
			);
			path = LeaderboardViewController;
			sourceTree = "<group>";
		};
		C3BEFDF51B3E1982002930BA /* GameObjects */ = {
			isa = PBXGroup;
			children = (
				C3BEFDFC1B3E1DFC002930BA /* Enemies */,
				C34EFBFE1B425CCA0079B6DC /* Effects */,
				C3BEFDF61B3E1997002930BA /* GameFactory.h */,
				C3BEFDF71B3E1997002930BA /* GameFactory.m */,
				C34EFBFB1B4239810079B6DC /* GridStorage.h */,
				C34EFBFC1B4239810079B6DC /* GridStorage.m */,
			);
			path = GameObjects;
			sourceTree = "<group>";
		};
		C3BEFDFC1B3E1DFC002930BA /* Enemies */ = {
			isa = PBXGroup;
			children = (
				C3BEFDFD1B3E1E0A002930BA /* EnemyViewModel.h */,
				C3BEFDFE1B3E1E0A002930BA /* EnemyViewModel.m */,
				C3BEFE001B3E1E1A002930BA /* EnemyView.h */,
				C3BEFE011B3E1E1A002930BA /* EnemyView.m */,
			);
			path = Enemies;
			sourceTree = "<group>";
		};
		C3F6BDCC1B389B860088D924 = {
			isa = PBXGroup;
			children = (
				C3F6BDD71B389B860088D924 /* BlindWizardApp */,
				C3F6BDF11B389B860088D924 /* BlindWizardAppTests */,
				C3F6BDD61B389B860088D924 /* Products */,
				1A829DB1D62908C854E75663 /* Pods */,
				CE5D98A7B0FE3CFC1A2D09FE /* Frameworks */,
			);
			sourceTree = "<group>";
		};
		C3F6BDD61B389B860088D924 /* Products */ = {
			isa = PBXGroup;
			children = (
				C3F6BDD51B389B860088D924 /* BlindWizardApp.app */,
				C3F6BDEE1B389B860088D924 /* BlindWizardAppTests.xctest */,
			);
			name = Products;
			sourceTree = "<group>";
		};
		C3F6BDD71B389B860088D924 /* BlindWizardApp */ = {
			isa = PBXGroup;
			children = (
				C3F6BE041B38F6490088D924 /* Assemblies */,
				C34F7F5F1B3C990000D07881 /* GameLogic */,
				C3BEFDF51B3E1982002930BA /* GameObjects */,
				C3F6BE051B38F6490088D924 /* ViewControllers */,
				C3F6BDDC1B389B860088D924 /* AppDelegate.h */,
				C3F6BDDD1B389B860088D924 /* AppDelegate.m */,
				C3F6BDE21B389B860088D924 /* Main.storyboard */,
				C3F6BDE51B389B860088D924 /* Images.xcassets */,
				C3F6BDE71B389B860088D924 /* LaunchScreen.xib */,
				C3F6BDD81B389B860088D924 /* Supporting Files */,
			);
			path = BlindWizardApp;
			sourceTree = "<group>";
		};
		C3F6BDD81B389B860088D924 /* Supporting Files */ = {
			isa = PBXGroup;
			children = (
				C3F6BDD91B389B860088D924 /* Info.plist */,
				C3F6BDDA1B389B860088D924 /* main.m */,
			);
			name = "Supporting Files";
			sourceTree = "<group>";
		};
		C3F6BDF11B389B860088D924 /* BlindWizardAppTests */ = {
			isa = PBXGroup;
			children = (
				C3F6BE061B38F6620088D924 /* TitleViewControllerSpec.m */,
				C3F72DA61B3A2C800040909A /* PlayViewControllerSpec.m */,
				C3A3B3281B3BCCBF00ADF11A /* PlayViewModelSpec.m */,
				C3F72DA81B3A312B0040909A /* BoardViewControllerSpec.m */,
				C37B74941B3CF5FF00D22D5E /* BoardViewModelSpec.m */,
				C34F7F631B3CA29E00D07881 /* GameSpec.m */,
				C3F6BDF21B389B860088D924 /* Supporting Files */,
			);
			path = BlindWizardAppTests;
			sourceTree = "<group>";
		};
		C3F6BDF21B389B860088D924 /* Supporting Files */ = {
			isa = PBXGroup;
			children = (
				C3F6BDFE1B389C1B0088D924 /* NSObject+MTKTest.h */,
				C3F6BDFF1B389C1B0088D924 /* NSObject+MTKTest.m */,
				C3F6BE001B389C1B0088D924 /* UIViewController+TestSegue.h */,
				C3F6BE011B389C1B0088D924 /* UIViewController+TestSegue.m */,
				C3F6BDF31B389B860088D924 /* Info.plist */,
			);
			name = "Supporting Files";
			sourceTree = "<group>";
		};
		C3F6BE041B38F6490088D924 /* Assemblies */ = {
			isa = PBXGroup;
			children = (
			);
			path = Assemblies;
			sourceTree = "<group>";
		};
		C3F6BE051B38F6490088D924 /* ViewControllers */ = {
			isa = PBXGroup;
			children = (
				C3A9E7B21B38FC35006D9C68 /* TitleViewController */,
				C3A9E7AE1B38FC13006D9C68 /* PlayViewController */,
				C3A3B32A1B3BD06C00ADF11A /* BoardViewController */,
				C3A9E7B61B38FDB6006D9C68 /* LeaderboardViewController */,
			);
			path = ViewControllers;
			sourceTree = "<group>";
		};
		CE5D98A7B0FE3CFC1A2D09FE /* Frameworks */ = {
			isa = PBXGroup;
			children = (
				8F66DF0723764B2C29A3CB58 /* libPods-BlindWizardApp.a */,
				2FE3DB190173D277B949EE8E /* libPods-BlindWizardAppTests.a */,
			);
			name = Frameworks;
			sourceTree = "<group>";
		};
/* End PBXGroup section */

/* Begin PBXNativeTarget section */
		C3F6BDD41B389B860088D924 /* BlindWizardApp */ = {
			isa = PBXNativeTarget;
			buildConfigurationList = C3F6BDF81B389B860088D924 /* Build configuration list for PBXNativeTarget "BlindWizardApp" */;
			buildPhases = (
				25BB4804CEDAAABE5E0BECCF /* Check Pods Manifest.lock */,
				C3F6BDD11B389B860088D924 /* Sources */,
				C3F6BDD21B389B860088D924 /* Frameworks */,
				C3F6BDD31B389B860088D924 /* Resources */,
				50191FE4B24CD5EBD6923E32 /* Copy Pods Resources */,
			);
			buildRules = (
			);
			dependencies = (
			);
			name = BlindWizardApp;
			productName = BlindWizardApp;
			productReference = C3F6BDD51B389B860088D924 /* BlindWizardApp.app */;
			productType = "com.apple.product-type.application";
		};
		C3F6BDED1B389B860088D924 /* BlindWizardAppTests */ = {
			isa = PBXNativeTarget;
			buildConfigurationList = C3F6BDFB1B389B860088D924 /* Build configuration list for PBXNativeTarget "BlindWizardAppTests" */;
			buildPhases = (
				CD8F6FF7011FF767B2920256 /* Check Pods Manifest.lock */,
				C3F6BDEA1B389B860088D924 /* Sources */,
				C3F6BDEB1B389B860088D924 /* Frameworks */,
				C3F6BDEC1B389B860088D924 /* Resources */,
				FC6393B90315BB2145E28626 /* Copy Pods Resources */,
			);
			buildRules = (
			);
			dependencies = (
				C3F6BDF01B389B860088D924 /* PBXTargetDependency */,
			);
			name = BlindWizardAppTests;
			productName = BlindWizardAppTests;
			productReference = C3F6BDEE1B389B860088D924 /* BlindWizardAppTests.xctest */;
			productType = "com.apple.product-type.bundle.unit-test";
		};
/* End PBXNativeTarget section */

/* Begin PBXProject section */
		C3F6BDCD1B389B860088D924 /* Project object */ = {
			isa = PBXProject;
			attributes = {
				LastUpgradeCheck = 0610;
				ORGANIZATIONNAME = Adronitis;
				TargetAttributes = {
					C3F6BDD41B389B860088D924 = {
						CreatedOnToolsVersion = 6.1.1;
					};
					C3F6BDED1B389B860088D924 = {
						CreatedOnToolsVersion = 6.1.1;
						TestTargetID = C3F6BDD41B389B860088D924;
					};
				};
			};
			buildConfigurationList = C3F6BDD01B389B860088D924 /* Build configuration list for PBXProject "BlindWizardApp" */;
			compatibilityVersion = "Xcode 3.2";
			developmentRegion = English;
			hasScannedForEncodings = 0;
			knownRegions = (
				en,
				Base,
			);
			mainGroup = C3F6BDCC1B389B860088D924;
			productRefGroup = C3F6BDD61B389B860088D924 /* Products */;
			projectDirPath = "";
			projectRoot = "";
			targets = (
				C3F6BDD41B389B860088D924 /* BlindWizardApp */,
				C3F6BDED1B389B860088D924 /* BlindWizardAppTests */,
			);
		};
/* End PBXProject section */

/* Begin PBXResourcesBuildPhase section */
		C3F6BDD31B389B860088D924 /* Resources */ = {
			isa = PBXResourcesBuildPhase;
			buildActionMask = 2147483647;
			files = (
				C3F6BDE41B389B860088D924 /* Main.storyboard in Resources */,
				C3F6BDE91B389B860088D924 /* LaunchScreen.xib in Resources */,
				C3F6BDE61B389B860088D924 /* Images.xcassets in Resources */,
			);
			runOnlyForDeploymentPostprocessing = 0;
		};
		C3F6BDEC1B389B860088D924 /* Resources */ = {
			isa = PBXResourcesBuildPhase;
			buildActionMask = 2147483647;
			files = (
			);
			runOnlyForDeploymentPostprocessing = 0;
		};
/* End PBXResourcesBuildPhase section */

/* Begin PBXShellScriptBuildPhase section */
		25BB4804CEDAAABE5E0BECCF /* Check Pods Manifest.lock */ = {
			isa = PBXShellScriptBuildPhase;
			buildActionMask = 2147483647;
			files = (
			);
			inputPaths = (
			);
			name = "Check Pods Manifest.lock";
			outputPaths = (
			);
			runOnlyForDeploymentPostprocessing = 0;
			shellPath = /bin/sh;
			shellScript = "diff \"${PODS_ROOT}/../Podfile.lock\" \"${PODS_ROOT}/Manifest.lock\" > /dev/null\nif [[ $? != 0 ]] ; then\n    cat << EOM\nerror: The sandbox is not in sync with the Podfile.lock. Run 'pod install' or update your CocoaPods installation.\nEOM\n    exit 1\nfi\n";
			showEnvVarsInLog = 0;
		};
		50191FE4B24CD5EBD6923E32 /* Copy Pods Resources */ = {
			isa = PBXShellScriptBuildPhase;
			buildActionMask = 2147483647;
			files = (
			);
			inputPaths = (
			);
			name = "Copy Pods Resources";
			outputPaths = (
			);
			runOnlyForDeploymentPostprocessing = 0;
			shellPath = /bin/sh;
			shellScript = "\"${SRCROOT}/Pods/Target Support Files/Pods-BlindWizardApp/Pods-BlindWizardApp-resources.sh\"\n";
			showEnvVarsInLog = 0;
		};
		CD8F6FF7011FF767B2920256 /* Check Pods Manifest.lock */ = {
			isa = PBXShellScriptBuildPhase;
			buildActionMask = 2147483647;
			files = (
			);
			inputPaths = (
			);
			name = "Check Pods Manifest.lock";
			outputPaths = (
			);
			runOnlyForDeploymentPostprocessing = 0;
			shellPath = /bin/sh;
			shellScript = "diff \"${PODS_ROOT}/../Podfile.lock\" \"${PODS_ROOT}/Manifest.lock\" > /dev/null\nif [[ $? != 0 ]] ; then\n    cat << EOM\nerror: The sandbox is not in sync with the Podfile.lock. Run 'pod install' or update your CocoaPods installation.\nEOM\n    exit 1\nfi\n";
			showEnvVarsInLog = 0;
		};
		FC6393B90315BB2145E28626 /* Copy Pods Resources */ = {
			isa = PBXShellScriptBuildPhase;
			buildActionMask = 2147483647;
			files = (
			);
			inputPaths = (
			);
			name = "Copy Pods Resources";
			outputPaths = (
			);
			runOnlyForDeploymentPostprocessing = 0;
			shellPath = /bin/sh;
			shellScript = "\"${SRCROOT}/Pods/Target Support Files/Pods-BlindWizardAppTests/Pods-BlindWizardAppTests-resources.sh\"\n";
			showEnvVarsInLog = 0;
		};
/* End PBXShellScriptBuildPhase section */

/* Begin PBXSourcesBuildPhase section */
		C3F6BDD11B389B860088D924 /* Sources */ = {
			isa = PBXSourcesBuildPhase;
			buildActionMask = 2147483647;
			files = (
				C3A3B3301B3BD84700ADF11A /* PlayViewModel.m in Sources */,
				C34F7F671B3CD28A00D07881 /* BoardViewModel.m in Sources */,
				C3A9E7B11B38FC1F006D9C68 /* PlayViewController.m in Sources */,
				C3BEFDFF1B3E1E0A002930BA /* EnemyViewModel.m in Sources */,
				C34EFBFD1B4239810079B6DC /* GridStorage.m in Sources */,
				C3A9E7B91B38FDC4006D9C68 /* LeaderboardViewController.m in Sources */,
				C34F7F621B3C991200D07881 /* Game.m in Sources */,
				C3E313811B3E141800ADB0AB /* GridCalculator.m in Sources */,
				C3A9E7B51B38FC35006D9C68 /* TitleViewController.m in Sources */,
				C3A3B32D1B3BD07400ADF11A /* BoardViewController.m in Sources */,
				C3BEFE021B3E1E1A002930BA /* EnemyView.m in Sources */,
				C3F6BDDE1B389B860088D924 /* AppDelegate.m in Sources */,
				C3F6BDDB1B389B860088D924 /* main.m in Sources */,
				C3BEFDF81B3E1997002930BA /* GameFactory.m in Sources */,
			);
			runOnlyForDeploymentPostprocessing = 0;
		};
		C3F6BDEA1B389B860088D924 /* Sources */ = {
			isa = PBXSourcesBuildPhase;
			buildActionMask = 2147483647;
			files = (
				C3F6BE021B389C1B0088D924 /* NSObject+MTKTest.m in Sources */,
				C3F72DA91B3A312B0040909A /* BoardViewControllerSpec.m in Sources */,
				C3F6BE071B38F6620088D924 /* TitleViewControllerSpec.m in Sources */,
				C3F6BE031B389C1B0088D924 /* UIViewController+TestSegue.m in Sources */,
				C3A3B3291B3BCCBF00ADF11A /* PlayViewModelSpec.m in Sources */,
				C34F7F641B3CA29E00D07881 /* GameSpec.m in Sources */,
				C37B74951B3CF5FF00D22D5E /* BoardViewModelSpec.m in Sources */,
				C3F72DA71B3A2C800040909A /* PlayViewControllerSpec.m in Sources */,
			);
			runOnlyForDeploymentPostprocessing = 0;
		};
/* End PBXSourcesBuildPhase section */

/* Begin PBXTargetDependency section */
		C3F6BDF01B389B860088D924 /* PBXTargetDependency */ = {
			isa = PBXTargetDependency;
			target = C3F6BDD41B389B860088D924 /* BlindWizardApp */;
			targetProxy = C3F6BDEF1B389B860088D924 /* PBXContainerItemProxy */;
		};
/* End PBXTargetDependency section */

/* Begin PBXVariantGroup section */
		C3F6BDE21B389B860088D924 /* Main.storyboard */ = {
			isa = PBXVariantGroup;
			children = (
				C3F6BDE31B389B860088D924 /* Base */,
			);
			name = Main.storyboard;
			sourceTree = "<group>";
		};
		C3F6BDE71B389B860088D924 /* LaunchScreen.xib */ = {
			isa = PBXVariantGroup;
			children = (
				C3F6BDE81B389B860088D924 /* Base */,
			);
			name = LaunchScreen.xib;
			sourceTree = "<group>";
		};
/* End PBXVariantGroup section */

/* Begin XCBuildConfiguration section */
		C3F6BDF61B389B860088D924 /* Debug */ = {
			isa = XCBuildConfiguration;
			buildSettings = {
				ALWAYS_SEARCH_USER_PATHS = NO;
				CLANG_CXX_LANGUAGE_STANDARD = "gnu++0x";
				CLANG_CXX_LIBRARY = "libc++";
				CLANG_ENABLE_MODULES = YES;
				CLANG_ENABLE_OBJC_ARC = YES;
				CLANG_WARN_BOOL_CONVERSION = YES;
				CLANG_WARN_CONSTANT_CONVERSION = YES;
				CLANG_WARN_DIRECT_OBJC_ISA_USAGE = YES_ERROR;
				CLANG_WARN_EMPTY_BODY = YES;
				CLANG_WARN_ENUM_CONVERSION = YES;
				CLANG_WARN_INT_CONVERSION = YES;
				CLANG_WARN_OBJC_ROOT_CLASS = YES_ERROR;
				CLANG_WARN_UNREACHABLE_CODE = YES;
				CLANG_WARN__DUPLICATE_METHOD_MATCH = YES;
				"CODE_SIGN_IDENTITY[sdk=iphoneos*]" = "iPhone Developer";
				COPY_PHASE_STRIP = NO;
				ENABLE_STRICT_OBJC_MSGSEND = YES;
				GCC_C_LANGUAGE_STANDARD = gnu99;
				GCC_DYNAMIC_NO_PIC = NO;
				GCC_OPTIMIZATION_LEVEL = 0;
				GCC_PREPROCESSOR_DEFINITIONS = (
					"DEBUG=1",
					"$(inherited)",
				);
				GCC_SYMBOLS_PRIVATE_EXTERN = NO;
				GCC_WARN_64_TO_32_BIT_CONVERSION = YES;
				GCC_WARN_ABOUT_RETURN_TYPE = YES_ERROR;
				GCC_WARN_UNDECLARED_SELECTOR = YES;
				GCC_WARN_UNINITIALIZED_AUTOS = YES_AGGRESSIVE;
				GCC_WARN_UNUSED_FUNCTION = YES;
				GCC_WARN_UNUSED_VARIABLE = YES;
				IPHONEOS_DEPLOYMENT_TARGET = 8.1;
				MTL_ENABLE_DEBUG_INFO = YES;
				ONLY_ACTIVE_ARCH = YES;
				SDKROOT = iphoneos;
			};
			name = Debug;
		};
		C3F6BDF71B389B860088D924 /* Release */ = {
			isa = XCBuildConfiguration;
			buildSettings = {
				ALWAYS_SEARCH_USER_PATHS = NO;
				CLANG_CXX_LANGUAGE_STANDARD = "gnu++0x";
				CLANG_CXX_LIBRARY = "libc++";
				CLANG_ENABLE_MODULES = YES;
				CLANG_ENABLE_OBJC_ARC = YES;
				CLANG_WARN_BOOL_CONVERSION = YES;
				CLANG_WARN_CONSTANT_CONVERSION = YES;
				CLANG_WARN_DIRECT_OBJC_ISA_USAGE = YES_ERROR;
				CLANG_WARN_EMPTY_BODY = YES;
				CLANG_WARN_ENUM_CONVERSION = YES;
				CLANG_WARN_INT_CONVERSION = YES;
				CLANG_WARN_OBJC_ROOT_CLASS = YES_ERROR;
				CLANG_WARN_UNREACHABLE_CODE = YES;
				CLANG_WARN__DUPLICATE_METHOD_MATCH = YES;
				"CODE_SIGN_IDENTITY[sdk=iphoneos*]" = "iPhone Developer";
				COPY_PHASE_STRIP = YES;
				ENABLE_NS_ASSERTIONS = NO;
				ENABLE_STRICT_OBJC_MSGSEND = YES;
				GCC_C_LANGUAGE_STANDARD = gnu99;
				GCC_WARN_64_TO_32_BIT_CONVERSION = YES;
				GCC_WARN_ABOUT_RETURN_TYPE = YES_ERROR;
				GCC_WARN_UNDECLARED_SELECTOR = YES;
				GCC_WARN_UNINITIALIZED_AUTOS = YES_AGGRESSIVE;
				GCC_WARN_UNUSED_FUNCTION = YES;
				GCC_WARN_UNUSED_VARIABLE = YES;
				IPHONEOS_DEPLOYMENT_TARGET = 8.1;
				MTL_ENABLE_DEBUG_INFO = NO;
				SDKROOT = iphoneos;
				VALIDATE_PRODUCT = YES;
			};
			name = Release;
		};
		C3F6BDF91B389B860088D924 /* Debug */ = {
			isa = XCBuildConfiguration;
			baseConfigurationReference = A4C82791F95AB8508FB957CA /* Pods-BlindWizardApp.debug.xcconfig */;
			buildSettings = {
				ASSETCATALOG_COMPILER_APPICON_NAME = AppIcon;
				INFOPLIST_FILE = BlindWizardApp/Info.plist;
				LD_RUNPATH_SEARCH_PATHS = "$(inherited) @executable_path/Frameworks";
				PRODUCT_NAME = "$(TARGET_NAME)";
			};
			name = Debug;
		};
		C3F6BDFA1B389B860088D924 /* Release */ = {
			isa = XCBuildConfiguration;
			baseConfigurationReference = 694F5E0C5133767B47BE7698 /* Pods-BlindWizardApp.release.xcconfig */;
			buildSettings = {
				ASSETCATALOG_COMPILER_APPICON_NAME = AppIcon;
				INFOPLIST_FILE = BlindWizardApp/Info.plist;
				LD_RUNPATH_SEARCH_PATHS = "$(inherited) @executable_path/Frameworks";
				PRODUCT_NAME = "$(TARGET_NAME)";
			};
			name = Release;
		};
		C3F6BDFC1B389B860088D924 /* Debug */ = {
			isa = XCBuildConfiguration;
			baseConfigurationReference = 3C3EAA76789237AA3C2635A2 /* Pods-BlindWizardAppTests.debug.xcconfig */;
			buildSettings = {
				BUNDLE_LOADER = "$(TEST_HOST)";
				FRAMEWORK_SEARCH_PATHS = (
					"$(SDKROOT)/Developer/Library/Frameworks",
					"$(inherited)",
				);
				GCC_PREPROCESSOR_DEFINITIONS = (
					"DEBUG=1",
					"$(inherited)",
				);
				INFOPLIST_FILE = BlindWizardAppTests/Info.plist;
				LD_RUNPATH_SEARCH_PATHS = "$(inherited) @executable_path/Frameworks @loader_path/Frameworks";
				PRODUCT_NAME = "$(TARGET_NAME)";
				TEST_HOST = "$(BUILT_PRODUCTS_DIR)/BlindWizardApp.app/BlindWizardApp";
			};
			name = Debug;
		};
		C3F6BDFD1B389B860088D924 /* Release */ = {
			isa = XCBuildConfiguration;
			baseConfigurationReference = C0BC9E0C707035A355E75B87 /* Pods-BlindWizardAppTests.release.xcconfig */;
			buildSettings = {
				BUNDLE_LOADER = "$(TEST_HOST)";
				FRAMEWORK_SEARCH_PATHS = (
					"$(SDKROOT)/Developer/Library/Frameworks",
					"$(inherited)",
				);
				INFOPLIST_FILE = BlindWizardAppTests/Info.plist;
				LD_RUNPATH_SEARCH_PATHS = "$(inherited) @executable_path/Frameworks @loader_path/Frameworks";
				PRODUCT_NAME = "$(TARGET_NAME)";
				TEST_HOST = "$(BUILT_PRODUCTS_DIR)/BlindWizardApp.app/BlindWizardApp";
			};
			name = Release;
		};
/* End XCBuildConfiguration section */

/* Begin XCConfigurationList section */
		C3F6BDD01B389B860088D924 /* Build configuration list for PBXProject "BlindWizardApp" */ = {
			isa = XCConfigurationList;
			buildConfigurations = (
				C3F6BDF61B389B860088D924 /* Debug */,
				C3F6BDF71B389B860088D924 /* Release */,
			);
			defaultConfigurationIsVisible = 0;
			defaultConfigurationName = Release;
		};
		C3F6BDF81B389B860088D924 /* Build configuration list for PBXNativeTarget "BlindWizardApp" */ = {
			isa = XCConfigurationList;
			buildConfigurations = (
				C3F6BDF91B389B860088D924 /* Debug */,
				C3F6BDFA1B389B860088D924 /* Release */,
			);
			defaultConfigurationIsVisible = 0;
			defaultConfigurationName = Release;
		};
		C3F6BDFB1B389B860088D924 /* Build configuration list for PBXNativeTarget "BlindWizardAppTests" */ = {
			isa = XCConfigurationList;
			buildConfigurations = (
				C3F6BDFC1B389B860088D924 /* Debug */,
				C3F6BDFD1B389B860088D924 /* Release */,
			);
			defaultConfigurationIsVisible = 0;
			defaultConfigurationName = Release;
		};
/* End XCConfigurationList section */
	};
	rootObject = C3F6BDCD1B389B860088D924 /* Project object */;
}
